// !$*UTF8*$!
{
	archiveVersion = 1;
	classes = {
	};
	objectVersion = 55;
	objects = {

/* Begin PBXBuildFile section */
		A412388D2824D86100828E5C /* Data.swift in Sources */ = {isa = PBXBuildFile; fileRef = A412388C2824D86100828E5C /* Data.swift */; };
		A41238902824EB9800828E5C /* CoordinatorBoard.swift in Sources */ = {isa = PBXBuildFile; fileRef = A412388F2824EB9800828E5C /* CoordinatorBoard.swift */; };
		A41238922824ECCE00828E5C /* AppCoordinator.swift in Sources */ = {isa = PBXBuildFile; fileRef = A41238912824ECCE00828E5C /* AppCoordinator.swift */; };
		A41238942824F01500828E5C /* ProfileCoordinator.swift in Sources */ = {isa = PBXBuildFile; fileRef = A41238932824F01500828E5C /* ProfileCoordinator.swift */; };
		A41238962824F20400828E5C /* AuthenticatorCoordinator.swift in Sources */ = {isa = PBXBuildFile; fileRef = A41238952824F20400828E5C /* AuthenticatorCoordinator.swift */; };
		A412AB802822D116009348F3 /* ProfileCell.swift in Sources */ = {isa = PBXBuildFile; fileRef = A412AB7F2822D116009348F3 /* ProfileCell.swift */; };
		A412AB822822D21E009348F3 /* ProfileDataClass.swift in Sources */ = {isa = PBXBuildFile; fileRef = A412AB812822D21E009348F3 /* ProfileDataClass.swift */; };
		A41442CA28507C3E00E32E7A /* ViewModelFactory.swift in Sources */ = {isa = PBXBuildFile; fileRef = A41442C928507C3E00E32E7A /* ViewModelFactory.swift */; };
		A41442CC285081B400E32E7A /* GenericClass.swift in Sources */ = {isa = PBXBuildFile; fileRef = A41442CB285081B400E32E7A /* GenericClass.swift */; };
		A41805092850A04A0099FF89 /* DataClass.swift in Sources */ = {isa = PBXBuildFile; fileRef = A41805082850A04A0099FF89 /* DataClass.swift */; };
		A418050C2850D8070099FF89 /* AuthenticationViewModel.swift in Sources */ = {isa = PBXBuildFile; fileRef = A418050B2850D8070099FF89 /* AuthenticationViewModel.swift */; };
		A4379C8228599F2C0071A8A7 /* NotesCell.swift in Sources */ = {isa = PBXBuildFile; fileRef = A4379C8128599F2C0071A8A7 /* NotesCell.swift */; };
		A4379C862859D19A0071A8A7 /* NotesCoordinator.swift in Sources */ = {isa = PBXBuildFile; fileRef = A4379C852859D19A0071A8A7 /* NotesCoordinator.swift */; };
		A4379C98285A08E80071A8A7 /* UserTasks.storyboard in Resources */ = {isa = PBXBuildFile; fileRef = A4379C97285A08E80071A8A7 /* UserTasks.storyboard */; };
		A4379C9C285A0AEB0071A8A7 /* UsersTaskVC.swift in Sources */ = {isa = PBXBuildFile; fileRef = A4379C9B285A0AEB0071A8A7 /* UsersTaskVC.swift */; };
		A4379C9E285A10C80071A8A7 /* UsersTasksCoordinator.swift in Sources */ = {isa = PBXBuildFile; fileRef = A4379C9D285A10C80071A8A7 /* UsersTasksCoordinator.swift */; };
		A4379CA2285B02120071A8A7 /* CDEmployee.xcdatamodeld in Sources */ = {isa = PBXBuildFile; fileRef = A4379CA0285B02120071A8A7 /* CDEmployee.xcdatamodeld */; };
		A4379CA9285B03B70071A8A7 /* EmployeeDataRepository.swift in Sources */ = {isa = PBXBuildFile; fileRef = A4379CA8285B03B70071A8A7 /* EmployeeDataRepository.swift */; };
		A4379CAC285B04030071A8A7 /* Employee.swift in Sources */ = {isa = PBXBuildFile; fileRef = A4379CAB285B04030071A8A7 /* Employee.swift */; };
		A4379CAF285B05B60071A8A7 /* PersistentStorage.swift in Sources */ = {isa = PBXBuildFile; fileRef = A4379CAE285B05B60071A8A7 /* PersistentStorage.swift */; };
		A4379CB2285B34D70071A8A7 /* EmployeeManager.swift in Sources */ = {isa = PBXBuildFile; fileRef = A4379CB1285B34D70071A8A7 /* EmployeeManager.swift */; };
		A4379CB4285B3C270071A8A7 /* CoreData.storyboard in Resources */ = {isa = PBXBuildFile; fileRef = A4379CB3285B3C270071A8A7 /* CoreData.storyboard */; };
		A4379CB6285B3CC70071A8A7 /* CoreDataVC.swift in Sources */ = {isa = PBXBuildFile; fileRef = A4379CB5285B3CC70071A8A7 /* CoreDataVC.swift */; };
		A4379CB8285B3F450071A8A7 /* CoreDataCoordinator.swift in Sources */ = {isa = PBXBuildFile; fileRef = A4379CB7285B3F450071A8A7 /* CoreDataCoordinator.swift */; };
		A4379CBA285B4D680071A8A7 /* ShowDataVC.swift in Sources */ = {isa = PBXBuildFile; fileRef = A4379CB9285B4D680071A8A7 /* ShowDataVC.swift */; };
		A4379CBC285B58D10071A8A7 /* ShowDataCell.swift in Sources */ = {isa = PBXBuildFile; fileRef = A4379CBB285B58D10071A8A7 /* ShowDataCell.swift */; };
		A4379CBE285B5E080071A8A7 /* ShowsDataCoordinator.swift in Sources */ = {isa = PBXBuildFile; fileRef = A4379CBD285B5E080071A8A7 /* ShowsDataCoordinator.swift */; };
		A4379CC0285C45F90071A8A7 /* ShowDetailsCoordinator.swift in Sources */ = {isa = PBXBuildFile; fileRef = A4379CBF285C45F90071A8A7 /* ShowDetailsCoordinator.swift */; };
		A4379CC2285C464B0071A8A7 /* UpdateDeleteVC.swift in Sources */ = {isa = PBXBuildFile; fileRef = A4379CC1285C464B0071A8A7 /* UpdateDeleteVC.swift */; };
		A4387C1E2829097500645004 /* UserDefaults.swift in Sources */ = {isa = PBXBuildFile; fileRef = A4387C1D2829097500645004 /* UserDefaults.swift */; };
		A465BAA82852FF7A003A5EDD /* NotificationManager.swift in Sources */ = {isa = PBXBuildFile; fileRef = A465BAA72852FF7A003A5EDD /* NotificationManager.swift */; };
		A470571C284F543D007A78BD /* R.generated.swift in Sources */ = {isa = PBXBuildFile; fileRef = A470571A284F5427007A78BD /* R.generated.swift */; };
		A470571D284F5446007A78BD /* ReadexPro-Bold.ttf in Resources */ = {isa = PBXBuildFile; fileRef = A42ADF7F284F1EA1001A3E3F /* ReadexPro-Bold.ttf */; };
		A470571E284F5448007A78BD /* ReadexPro-ExtraLight.ttf in Resources */ = {isa = PBXBuildFile; fileRef = A42ADF81284F1EA1001A3E3F /* ReadexPro-ExtraLight.ttf */; };
		A470571F284F544A007A78BD /* ReadexPro-Light.ttf in Resources */ = {isa = PBXBuildFile; fileRef = A42ADF82284F1EA1001A3E3F /* ReadexPro-Light.ttf */; };
		A4705720284F544C007A78BD /* ReadexPro-Medium.ttf in Resources */ = {isa = PBXBuildFile; fileRef = A42ADF80284F1EA1001A3E3F /* ReadexPro-Medium.ttf */; };
		A4705721284F544E007A78BD /* ReadexPro-Regular.ttf in Resources */ = {isa = PBXBuildFile; fileRef = A42ADF83284F1EA1001A3E3F /* ReadexPro-Regular.ttf */; };
		A4705722284F5451007A78BD /* ReadexPro-SemiBold.ttf in Resources */ = {isa = PBXBuildFile; fileRef = A4C347192822B396005E83DD /* ReadexPro-SemiBold.ttf */; };
		A4705727284F694E007A78BD /* BaseViewController.swift in Sources */ = {isa = PBXBuildFile; fileRef = A4705726284F694E007A78BD /* BaseViewController.swift */; };
		A4705729284F7906007A78BD /* BaseViewModel.swift in Sources */ = {isa = PBXBuildFile; fileRef = A4705728284F7906007A78BD /* BaseViewModel.swift */; };
		A470572B284F7AEA007A78BD /* Dynamics.swift in Sources */ = {isa = PBXBuildFile; fileRef = A470572A284F7AEA007A78BD /* Dynamics.swift */; };
		A47C556928214E47009508BE /* SignInVC.swift in Sources */ = {isa = PBXBuildFile; fileRef = A47C556828214E47009508BE /* SignInVC.swift */; };
		A47C556B28214E7D009508BE /* SignUpVC.swift in Sources */ = {isa = PBXBuildFile; fileRef = A47C556A28214E7D009508BE /* SignUpVC.swift */; };
		A480B26F2851FCCD003CEE92 /* NotificationVC.swift in Sources */ = {isa = PBXBuildFile; fileRef = A480B26E2851FCCD003CEE92 /* NotificationVC.swift */; };
		A480B2712851FCE5003CEE92 /* Notification.storyboard in Resources */ = {isa = PBXBuildFile; fileRef = A480B2702851FCE5003CEE92 /* Notification.storyboard */; };
		A480B27328520770003CEE92 /* NotificationCoordinator.swift in Sources */ = {isa = PBXBuildFile; fileRef = A480B27228520770003CEE92 /* NotificationCoordinator.swift */; };
		A480B275285219AB003CEE92 /* notification.png in Resources */ = {isa = PBXBuildFile; fileRef = A480B274285219AB003CEE92 /* notification.png */; };
		A4AB1150281D04D50005A122 /* AppDelegate.swift in Sources */ = {isa = PBXBuildFile; fileRef = A4AB114F281D04D50005A122 /* AppDelegate.swift */; };
		A4AB1152281D04D50005A122 /* SceneDelegate.swift in Sources */ = {isa = PBXBuildFile; fileRef = A4AB1151281D04D50005A122 /* SceneDelegate.swift */; };
		A4AB1154281D04D50005A122 /* ViewController.swift in Sources */ = {isa = PBXBuildFile; fileRef = A4AB1153281D04D50005A122 /* ViewController.swift */; };
		A4AB1157281D04D50005A122 /* Main.storyboard in Resources */ = {isa = PBXBuildFile; fileRef = A4AB1155281D04D50005A122 /* Main.storyboard */; };
		A4AB1159281D04D70005A122 /* Assets.xcassets in Resources */ = {isa = PBXBuildFile; fileRef = A4AB1158281D04D70005A122 /* Assets.xcassets */; };
		A4AB115C281D04D70005A122 /* LaunchScreen.storyboard in Resources */ = {isa = PBXBuildFile; fileRef = A4AB115A281D04D70005A122 /* LaunchScreen.storyboard */; };
		A4AB1169281D2AE30005A122 /* CustomTextField.swift in Sources */ = {isa = PBXBuildFile; fileRef = A4AB1168281D2AE30005A122 /* CustomTextField.swift */; };
		A4AB116B281D3C8B0005A122 /* CustomView.swift in Sources */ = {isa = PBXBuildFile; fileRef = A4AB116A281D3C8B0005A122 /* CustomView.swift */; };
		A4BDE0BC285887E600AD20FA /* NoteModel.xcdatamodeld in Sources */ = {isa = PBXBuildFile; fileRef = A4BDE0BA285887E600AD20FA /* NoteModel.xcdatamodeld */; };
		A4BDE0BE285889C100AD20FA /* Notes.storyboard in Resources */ = {isa = PBXBuildFile; fileRef = A4BDE0BD285889C100AD20FA /* Notes.storyboard */; };
		A4BDE0C0285889CC00AD20FA /* NotesVC.swift in Sources */ = {isa = PBXBuildFile; fileRef = A4BDE0BF285889CC00AD20FA /* NotesVC.swift */; };
		A4C347162822A694005E83DD /* ProfileScreen.storyboard in Resources */ = {isa = PBXBuildFile; fileRef = A4C347152822A694005E83DD /* ProfileScreen.storyboard */; };
		A4C347182822A85F005E83DD /* ProfileVC.swift in Sources */ = {isa = PBXBuildFile; fileRef = A4C347172822A85F005E83DD /* ProfileVC.swift */; };
		A4C7F9DA282258B900779F1B /* Extensions.swift in Sources */ = {isa = PBXBuildFile; fileRef = A4C7F9D9282258B900779F1B /* Extensions.swift */; };
		A4C7F9E22822912F00779F1B /* Localizable.strings in Resources */ = {isa = PBXBuildFile; fileRef = A4C7F9E12822912F00779F1B /* Localizable.strings */; };
		A4E2D1DB285376760020526B /* GoogleService-Info.plist in Resources */ = {isa = PBXBuildFile; fileRef = A4E2D1DA285376760020526B /* GoogleService-Info.plist */; };
		A4FAC5912823B2BF001255E7 /* Onboarding.storyboard in Resources */ = {isa = PBXBuildFile; fileRef = A4FAC5902823B2BF001255E7 /* Onboarding.storyboard */; };
		A4FAC5942823C4C9001255E7 /* OnboardingVC.swift in Sources */ = {isa = PBXBuildFile; fileRef = A4FAC5932823C4C9001255E7 /* OnboardingVC.swift */; };
		A4FAC5962823CF80001255E7 /* OnboardingCell.swift in Sources */ = {isa = PBXBuildFile; fileRef = A4FAC5952823CF80001255E7 /* OnboardingCell.swift */; };
		A4FAC5982823D19D001255E7 /* OnboardingDataClass.swift in Sources */ = {isa = PBXBuildFile; fileRef = A4FAC5972823D19D001255E7 /* OnboardingDataClass.swift */; };
		A4FEAD8E281FF53A00D17E4A /* CustomPasswordTextField.swift in Sources */ = {isa = PBXBuildFile; fileRef = A4FEAD8D281FF53A00D17E4A /* CustomPasswordTextField.swift */; };
		A4FEAD902820002B00D17E4A /* LabelBaseClass.swift in Sources */ = {isa = PBXBuildFile; fileRef = A4FEAD8F2820002B00D17E4A /* LabelBaseClass.swift */; };
		A4FEAD9B282010EA00D17E4A /* Color.swift in Sources */ = {isa = PBXBuildFile; fileRef = A4FEAD9A282010EA00D17E4A /* Color.swift */; };
		A4FEAD9E2820183B00D17E4A /* CustomButtons.swift in Sources */ = {isa = PBXBuildFile; fileRef = A4FEAD9D2820183B00D17E4A /* CustomButtons.swift */; };
		D8841E12969002D3DB898EA9 /* Pods_VerooDeliveryApp.framework in Frameworks */ = {isa = PBXBuildFile; fileRef = EBB976BA569CA974F1A36BA2 /* Pods_VerooDeliveryApp.framework */; };
/* End PBXBuildFile section */

/* Begin PBXFileReference section */
		50220A644B6292D1DD2AEDA4 /* Pods-VerooDeliveryApp.debug.xcconfig */ = {isa = PBXFileReference; includeInIndex = 1; lastKnownFileType = text.xcconfig; name = "Pods-VerooDeliveryApp.debug.xcconfig"; path = "Target Support Files/Pods-VerooDeliveryApp/Pods-VerooDeliveryApp.debug.xcconfig"; sourceTree = "<group>"; };
		A412388C2824D86100828E5C /* Data.swift */ = {isa = PBXFileReference; lastKnownFileType = sourcecode.swift; path = Data.swift; sourceTree = "<group>"; };
		A412388F2824EB9800828E5C /* CoordinatorBoard.swift */ = {isa = PBXFileReference; lastKnownFileType = sourcecode.swift; path = CoordinatorBoard.swift; sourceTree = "<group>"; };
		A41238912824ECCE00828E5C /* AppCoordinator.swift */ = {isa = PBXFileReference; lastKnownFileType = sourcecode.swift; path = AppCoordinator.swift; sourceTree = "<group>"; };
		A41238932824F01500828E5C /* ProfileCoordinator.swift */ = {isa = PBXFileReference; lastKnownFileType = sourcecode.swift; path = ProfileCoordinator.swift; sourceTree = "<group>"; };
		A41238952824F20400828E5C /* AuthenticatorCoordinator.swift */ = {isa = PBXFileReference; lastKnownFileType = sourcecode.swift; path = AuthenticatorCoordinator.swift; sourceTree = "<group>"; };
		A412AB7F2822D116009348F3 /* ProfileCell.swift */ = {isa = PBXFileReference; lastKnownFileType = sourcecode.swift; path = ProfileCell.swift; sourceTree = "<group>"; };
		A412AB812822D21E009348F3 /* ProfileDataClass.swift */ = {isa = PBXFileReference; lastKnownFileType = sourcecode.swift; path = ProfileDataClass.swift; sourceTree = "<group>"; };
		A41442C928507C3E00E32E7A /* ViewModelFactory.swift */ = {isa = PBXFileReference; lastKnownFileType = sourcecode.swift; path = ViewModelFactory.swift; sourceTree = "<group>"; };
		A41442CB285081B400E32E7A /* GenericClass.swift */ = {isa = PBXFileReference; lastKnownFileType = sourcecode.swift; path = GenericClass.swift; sourceTree = "<group>"; };
		A41805082850A04A0099FF89 /* DataClass.swift */ = {isa = PBXFileReference; lastKnownFileType = sourcecode.swift; path = DataClass.swift; sourceTree = "<group>"; };
		A418050B2850D8070099FF89 /* AuthenticationViewModel.swift */ = {isa = PBXFileReference; lastKnownFileType = sourcecode.swift; path = AuthenticationViewModel.swift; sourceTree = "<group>"; };
		A42ADF7F284F1EA1001A3E3F /* ReadexPro-Bold.ttf */ = {isa = PBXFileReference; lastKnownFileType = file; name = "ReadexPro-Bold.ttf"; path = "../../../../../Downloads/Readex_Pro/static/ReadexPro-Bold.ttf"; sourceTree = "<group>"; };
		A42ADF80284F1EA1001A3E3F /* ReadexPro-Medium.ttf */ = {isa = PBXFileReference; lastKnownFileType = file; name = "ReadexPro-Medium.ttf"; path = "../../../../../Downloads/Readex_Pro/static/ReadexPro-Medium.ttf"; sourceTree = "<group>"; };
		A42ADF81284F1EA1001A3E3F /* ReadexPro-ExtraLight.ttf */ = {isa = PBXFileReference; lastKnownFileType = file; name = "ReadexPro-ExtraLight.ttf"; path = "../../../../../Downloads/Readex_Pro/static/ReadexPro-ExtraLight.ttf"; sourceTree = "<group>"; };
		A42ADF82284F1EA1001A3E3F /* ReadexPro-Light.ttf */ = {isa = PBXFileReference; lastKnownFileType = file; name = "ReadexPro-Light.ttf"; path = "../../../../../Downloads/Readex_Pro/static/ReadexPro-Light.ttf"; sourceTree = "<group>"; };
		A42ADF83284F1EA1001A3E3F /* ReadexPro-Regular.ttf */ = {isa = PBXFileReference; lastKnownFileType = file; name = "ReadexPro-Regular.ttf"; path = "../../../../../Downloads/Readex_Pro/static/ReadexPro-Regular.ttf"; sourceTree = "<group>"; };
		A4379C8128599F2C0071A8A7 /* NotesCell.swift */ = {isa = PBXFileReference; lastKnownFileType = sourcecode.swift; path = NotesCell.swift; sourceTree = "<group>"; };
		A4379C852859D19A0071A8A7 /* NotesCoordinator.swift */ = {isa = PBXFileReference; lastKnownFileType = sourcecode.swift; path = NotesCoordinator.swift; sourceTree = "<group>"; };
		A4379C97285A08E80071A8A7 /* UserTasks.storyboard */ = {isa = PBXFileReference; lastKnownFileType = file.storyboard; path = UserTasks.storyboard; sourceTree = "<group>"; };
		A4379C9B285A0AEB0071A8A7 /* UsersTaskVC.swift */ = {isa = PBXFileReference; lastKnownFileType = sourcecode.swift; path = UsersTaskVC.swift; sourceTree = "<group>"; };
		A4379C9D285A10C80071A8A7 /* UsersTasksCoordinator.swift */ = {isa = PBXFileReference; lastKnownFileType = sourcecode.swift; path = UsersTasksCoordinator.swift; sourceTree = "<group>"; };
		A4379CA1285B02120071A8A7 /* CDEmployee.xcdatamodel */ = {isa = PBXFileReference; lastKnownFileType = wrapper.xcdatamodel; path = CDEmployee.xcdatamodel; sourceTree = "<group>"; };
		A4379CA8285B03B70071A8A7 /* EmployeeDataRepository.swift */ = {isa = PBXFileReference; lastKnownFileType = sourcecode.swift; path = EmployeeDataRepository.swift; sourceTree = "<group>"; };
		A4379CAB285B04030071A8A7 /* Employee.swift */ = {isa = PBXFileReference; lastKnownFileType = sourcecode.swift; path = Employee.swift; sourceTree = "<group>"; };
		A4379CAE285B05B60071A8A7 /* PersistentStorage.swift */ = {isa = PBXFileReference; lastKnownFileType = sourcecode.swift; path = PersistentStorage.swift; sourceTree = "<group>"; };
		A4379CB1285B34D70071A8A7 /* EmployeeManager.swift */ = {isa = PBXFileReference; lastKnownFileType = sourcecode.swift; path = EmployeeManager.swift; sourceTree = "<group>"; };
		A4379CB3285B3C270071A8A7 /* CoreData.storyboard */ = {isa = PBXFileReference; lastKnownFileType = file.storyboard; path = CoreData.storyboard; sourceTree = "<group>"; };
		A4379CB5285B3CC70071A8A7 /* CoreDataVC.swift */ = {isa = PBXFileReference; lastKnownFileType = sourcecode.swift; path = CoreDataVC.swift; sourceTree = "<group>"; };
		A4379CB7285B3F450071A8A7 /* CoreDataCoordinator.swift */ = {isa = PBXFileReference; lastKnownFileType = sourcecode.swift; path = CoreDataCoordinator.swift; sourceTree = "<group>"; };
		A4379CB9285B4D680071A8A7 /* ShowDataVC.swift */ = {isa = PBXFileReference; lastKnownFileType = sourcecode.swift; path = ShowDataVC.swift; sourceTree = "<group>"; };
		A4379CBB285B58D10071A8A7 /* ShowDataCell.swift */ = {isa = PBXFileReference; lastKnownFileType = sourcecode.swift; path = ShowDataCell.swift; sourceTree = "<group>"; };
		A4379CBD285B5E080071A8A7 /* ShowsDataCoordinator.swift */ = {isa = PBXFileReference; lastKnownFileType = sourcecode.swift; path = ShowsDataCoordinator.swift; sourceTree = "<group>"; };
		A4379CBF285C45F90071A8A7 /* ShowDetailsCoordinator.swift */ = {isa = PBXFileReference; lastKnownFileType = sourcecode.swift; path = ShowDetailsCoordinator.swift; sourceTree = "<group>"; };
		A4379CC1285C464B0071A8A7 /* UpdateDeleteVC.swift */ = {isa = PBXFileReference; lastKnownFileType = sourcecode.swift; path = UpdateDeleteVC.swift; sourceTree = "<group>"; };
		A4387C1D2829097500645004 /* UserDefaults.swift */ = {isa = PBXFileReference; lastKnownFileType = sourcecode.swift; path = UserDefaults.swift; sourceTree = "<group>"; };
		A465BAA72852FF7A003A5EDD /* NotificationManager.swift */ = {isa = PBXFileReference; lastKnownFileType = sourcecode.swift; path = NotificationManager.swift; sourceTree = "<group>"; };
		A470571A284F5427007A78BD /* R.generated.swift */ = {isa = PBXFileReference; fileEncoding = 4; lastKnownFileType = sourcecode.swift; path = R.generated.swift; sourceTree = "<group>"; };
		A4705726284F694E007A78BD /* BaseViewController.swift */ = {isa = PBXFileReference; lastKnownFileType = sourcecode.swift; path = BaseViewController.swift; sourceTree = "<group>"; };
		A4705728284F7906007A78BD /* BaseViewModel.swift */ = {isa = PBXFileReference; lastKnownFileType = sourcecode.swift; path = BaseViewModel.swift; sourceTree = "<group>"; };
		A470572A284F7AEA007A78BD /* Dynamics.swift */ = {isa = PBXFileReference; lastKnownFileType = sourcecode.swift; path = Dynamics.swift; sourceTree = "<group>"; };
		A47C556828214E47009508BE /* SignInVC.swift */ = {isa = PBXFileReference; lastKnownFileType = sourcecode.swift; path = SignInVC.swift; sourceTree = "<group>"; };
		A47C556A28214E7D009508BE /* SignUpVC.swift */ = {isa = PBXFileReference; lastKnownFileType = sourcecode.swift; path = SignUpVC.swift; sourceTree = "<group>"; };
		A480B26E2851FCCD003CEE92 /* NotificationVC.swift */ = {isa = PBXFileReference; lastKnownFileType = sourcecode.swift; path = NotificationVC.swift; sourceTree = "<group>"; };
		A480B2702851FCE5003CEE92 /* Notification.storyboard */ = {isa = PBXFileReference; lastKnownFileType = file.storyboard; path = Notification.storyboard; sourceTree = "<group>"; };
		A480B27228520770003CEE92 /* NotificationCoordinator.swift */ = {isa = PBXFileReference; lastKnownFileType = sourcecode.swift; path = NotificationCoordinator.swift; sourceTree = "<group>"; };
		A480B274285219AB003CEE92 /* notification.png */ = {isa = PBXFileReference; lastKnownFileType = image.png; path = notification.png; sourceTree = "<group>"; };
		A4AB114C281D04D50005A122 /* VerooDeliveryApp.app */ = {isa = PBXFileReference; explicitFileType = wrapper.application; includeInIndex = 0; path = VerooDeliveryApp.app; sourceTree = BUILT_PRODUCTS_DIR; };
		A4AB114F281D04D50005A122 /* AppDelegate.swift */ = {isa = PBXFileReference; lastKnownFileType = sourcecode.swift; path = AppDelegate.swift; sourceTree = "<group>"; };
		A4AB1151281D04D50005A122 /* SceneDelegate.swift */ = {isa = PBXFileReference; lastKnownFileType = sourcecode.swift; path = SceneDelegate.swift; sourceTree = "<group>"; };
		A4AB1153281D04D50005A122 /* ViewController.swift */ = {isa = PBXFileReference; lastKnownFileType = sourcecode.swift; path = ViewController.swift; sourceTree = "<group>"; };
		A4AB1156281D04D50005A122 /* Base */ = {isa = PBXFileReference; lastKnownFileType = file.storyboard; name = Base; path = Base.lproj/Main.storyboard; sourceTree = "<group>"; };
		A4AB1158281D04D70005A122 /* Assets.xcassets */ = {isa = PBXFileReference; lastKnownFileType = folder.assetcatalog; path = Assets.xcassets; sourceTree = "<group>"; };
		A4AB115B281D04D70005A122 /* Base */ = {isa = PBXFileReference; lastKnownFileType = file.storyboard; name = Base; path = Base.lproj/LaunchScreen.storyboard; sourceTree = "<group>"; };
		A4AB115D281D04D70005A122 /* Info.plist */ = {isa = PBXFileReference; lastKnownFileType = text.plist.xml; path = Info.plist; sourceTree = "<group>"; };
		A4AB1168281D2AE30005A122 /* CustomTextField.swift */ = {isa = PBXFileReference; lastKnownFileType = sourcecode.swift; path = CustomTextField.swift; sourceTree = "<group>"; };
		A4AB116A281D3C8B0005A122 /* CustomView.swift */ = {isa = PBXFileReference; lastKnownFileType = sourcecode.swift; path = CustomView.swift; sourceTree = "<group>"; };
		A4BDE0BB285887E600AD20FA /* NoteModel.xcdatamodel */ = {isa = PBXFileReference; lastKnownFileType = wrapper.xcdatamodel; path = NoteModel.xcdatamodel; sourceTree = "<group>"; };
		A4BDE0BD285889C100AD20FA /* Notes.storyboard */ = {isa = PBXFileReference; lastKnownFileType = file.storyboard; path = Notes.storyboard; sourceTree = "<group>"; };
		A4BDE0BF285889CC00AD20FA /* NotesVC.swift */ = {isa = PBXFileReference; lastKnownFileType = sourcecode.swift; path = NotesVC.swift; sourceTree = "<group>"; };
		A4C347152822A694005E83DD /* ProfileScreen.storyboard */ = {isa = PBXFileReference; lastKnownFileType = file.storyboard; path = ProfileScreen.storyboard; sourceTree = "<group>"; };
		A4C347172822A85F005E83DD /* ProfileVC.swift */ = {isa = PBXFileReference; lastKnownFileType = sourcecode.swift; path = ProfileVC.swift; sourceTree = "<group>"; };
		A4C347192822B396005E83DD /* ReadexPro-SemiBold.ttf */ = {isa = PBXFileReference; lastKnownFileType = file; path = "ReadexPro-SemiBold.ttf"; sourceTree = "<group>"; };
		A4C7F9D9282258B900779F1B /* Extensions.swift */ = {isa = PBXFileReference; lastKnownFileType = sourcecode.swift; path = Extensions.swift; sourceTree = "<group>"; };
		A4C7F9E12822912F00779F1B /* Localizable.strings */ = {isa = PBXFileReference; lastKnownFileType = text.plist.strings; path = Localizable.strings; sourceTree = "<group>"; };
		A4E2D1DA285376760020526B /* GoogleService-Info.plist */ = {isa = PBXFileReference; fileEncoding = 4; lastKnownFileType = text.plist.xml; path = "GoogleService-Info.plist"; sourceTree = "<group>"; };
		A4E2D1DC28537FA30020526B /* VerooDeliveryApp.entitlements */ = {isa = PBXFileReference; lastKnownFileType = text.plist.entitlements; path = VerooDeliveryApp.entitlements; sourceTree = "<group>"; };
		A4FAC5902823B2BF001255E7 /* Onboarding.storyboard */ = {isa = PBXFileReference; lastKnownFileType = file.storyboard; path = Onboarding.storyboard; sourceTree = "<group>"; };
		A4FAC5932823C4C9001255E7 /* OnboardingVC.swift */ = {isa = PBXFileReference; lastKnownFileType = sourcecode.swift; path = OnboardingVC.swift; sourceTree = "<group>"; };
		A4FAC5952823CF80001255E7 /* OnboardingCell.swift */ = {isa = PBXFileReference; lastKnownFileType = sourcecode.swift; path = OnboardingCell.swift; sourceTree = "<group>"; };
		A4FAC5972823D19D001255E7 /* OnboardingDataClass.swift */ = {isa = PBXFileReference; lastKnownFileType = sourcecode.swift; path = OnboardingDataClass.swift; sourceTree = "<group>"; };
		A4FEAD8D281FF53A00D17E4A /* CustomPasswordTextField.swift */ = {isa = PBXFileReference; lastKnownFileType = sourcecode.swift; path = CustomPasswordTextField.swift; sourceTree = "<group>"; };
		A4FEAD8F2820002B00D17E4A /* LabelBaseClass.swift */ = {isa = PBXFileReference; lastKnownFileType = sourcecode.swift; path = LabelBaseClass.swift; sourceTree = "<group>"; };
		A4FEAD9A282010EA00D17E4A /* Color.swift */ = {isa = PBXFileReference; lastKnownFileType = sourcecode.swift; path = Color.swift; sourceTree = "<group>"; };
		A4FEAD9D2820183B00D17E4A /* CustomButtons.swift */ = {isa = PBXFileReference; lastKnownFileType = sourcecode.swift; path = CustomButtons.swift; sourceTree = "<group>"; };
		A57829C70D180D47AE0C3579 /* Pods-VerooDeliveryApp.release.xcconfig */ = {isa = PBXFileReference; includeInIndex = 1; lastKnownFileType = text.xcconfig; name = "Pods-VerooDeliveryApp.release.xcconfig"; path = "Target Support Files/Pods-VerooDeliveryApp/Pods-VerooDeliveryApp.release.xcconfig"; sourceTree = "<group>"; };
		EBB976BA569CA974F1A36BA2 /* Pods_VerooDeliveryApp.framework */ = {isa = PBXFileReference; explicitFileType = wrapper.framework; includeInIndex = 0; path = Pods_VerooDeliveryApp.framework; sourceTree = BUILT_PRODUCTS_DIR; };
/* End PBXFileReference section */

/* Begin PBXFrameworksBuildPhase section */
		A4AB1149281D04D50005A122 /* Frameworks */ = {
			isa = PBXFrameworksBuildPhase;
			buildActionMask = 2147483647;
			files = (
				D8841E12969002D3DB898EA9 /* Pods_VerooDeliveryApp.framework in Frameworks */,
			);
			runOnlyForDeploymentPostprocessing = 0;
		};
/* End PBXFrameworksBuildPhase section */

/* Begin PBXGroup section */
		A40E5F0A285884F10081DE7C /* CoreData */ = {
			isa = PBXGroup;
			children = (
				A4379C872859F6E80071A8A7 /* Relationships */,
				A4BDE0BA285887E600AD20FA /* NoteModel.xcdatamodeld */,
				A4BDE0BF285889CC00AD20FA /* NotesVC.swift */,
				A4BDE0BD285889C100AD20FA /* Notes.storyboard */,
				A4379C8128599F2C0071A8A7 /* NotesCell.swift */,
			);
			path = CoreData;
			sourceTree = "<group>";
		};
		A412388E2824EB7E00828E5C /* Coordinators */ = {
			isa = PBXGroup;
			children = (
				A412388F2824EB9800828E5C /* CoordinatorBoard.swift */,
				A41238912824ECCE00828E5C /* AppCoordinator.swift */,
				A41238932824F01500828E5C /* ProfileCoordinator.swift */,
				A41238952824F20400828E5C /* AuthenticatorCoordinator.swift */,
				A480B27228520770003CEE92 /* NotificationCoordinator.swift */,
				A4379C852859D19A0071A8A7 /* NotesCoordinator.swift */,
				A4379C9D285A10C80071A8A7 /* UsersTasksCoordinator.swift */,
				A4379CB7285B3F450071A8A7 /* CoreDataCoordinator.swift */,
				A4379CBD285B5E080071A8A7 /* ShowsDataCoordinator.swift */,
				A4379CBF285C45F90071A8A7 /* ShowDetailsCoordinator.swift */,
			);
			path = Coordinators;
			sourceTree = "<group>";
		};
		A418050A2850D7F50099FF89 /* ViewModels */ = {
			isa = PBXGroup;
			children = (
				A418050B2850D8070099FF89 /* AuthenticationViewModel.swift */,
			);
			path = ViewModels;
			sourceTree = "<group>";
		};
		A4379C872859F6E80071A8A7 /* Relationships */ = {
			isa = PBXGroup;
			children = (
				A4379C97285A08E80071A8A7 /* UserTasks.storyboard */,
				A4379C9B285A0AEB0071A8A7 /* UsersTaskVC.swift */,
			);
			path = Relationships;
			sourceTree = "<group>";
		};
		A4379C9F285B01D90071A8A7 /* CoreDataTwo */ = {
			isa = PBXGroup;
			children = (
				A4379CB0285B34980071A8A7 /* Managers */,
				A4379CAD285B059B0071A8A7 /* PersistentStorage */,
				A4379CAA285B03E10071A8A7 /* Model */,
				A4379CA7285B03890071A8A7 /* Repository */,
				A4379CA0285B02120071A8A7 /* CDEmployee.xcdatamodeld */,
				A4379CB3285B3C270071A8A7 /* CoreData.storyboard */,
				A4379CB5285B3CC70071A8A7 /* CoreDataVC.swift */,
				A4379CB9285B4D680071A8A7 /* ShowDataVC.swift */,
				A4379CBB285B58D10071A8A7 /* ShowDataCell.swift */,
				A4379CC1285C464B0071A8A7 /* UpdateDeleteVC.swift */,
			);
			path = CoreDataTwo;
			sourceTree = "<group>";
		};
		A4379CA7285B03890071A8A7 /* Repository */ = {
			isa = PBXGroup;
			children = (
				A4379CA8285B03B70071A8A7 /* EmployeeDataRepository.swift */,
			);
			path = Repository;
			sourceTree = "<group>";
		};
		A4379CAA285B03E10071A8A7 /* Model */ = {
			isa = PBXGroup;
			children = (
				A4379CAB285B04030071A8A7 /* Employee.swift */,
			);
			path = Model;
			sourceTree = "<group>";
		};
		A4379CAD285B059B0071A8A7 /* PersistentStorage */ = {
			isa = PBXGroup;
			children = (
				A4379CAE285B05B60071A8A7 /* PersistentStorage.swift */,
			);
			path = PersistentStorage;
			sourceTree = "<group>";
		};
		A4379CB0285B34980071A8A7 /* Managers */ = {
			isa = PBXGroup;
			children = (
				A4379CB1285B34D70071A8A7 /* EmployeeManager.swift */,
			);
			path = Managers;
			sourceTree = "<group>";
		};
		A4705723284F62C0007A78BD /* Authentications */ = {
			isa = PBXGroup;
			children = (
				A4AB1155281D04D50005A122 /* Main.storyboard */,
				A47C556828214E47009508BE /* SignInVC.swift */,
				A47C556A28214E7D009508BE /* SignUpVC.swift */,
			);
			path = Authentications;
			sourceTree = "<group>";
		};
		A4705724284F634F007A78BD /* Profile */ = {
			isa = PBXGroup;
			children = (
				A4C347152822A694005E83DD /* ProfileScreen.storyboard */,
				A4C347172822A85F005E83DD /* ProfileVC.swift */,
				A412AB7F2822D116009348F3 /* ProfileCell.swift */,
				A412AB812822D21E009348F3 /* ProfileDataClass.swift */,
			);
			path = Profile;
			sourceTree = "<group>";
		};
		A4705725284F6928007A78BD /* BaseSetup */ = {
			isa = PBXGroup;
			children = (
				A4705726284F694E007A78BD /* BaseViewController.swift */,
				A4705728284F7906007A78BD /* BaseViewModel.swift */,
				A470572A284F7AEA007A78BD /* Dynamics.swift */,
				A41442C928507C3E00E32E7A /* ViewModelFactory.swift */,
				A41442CB285081B400E32E7A /* GenericClass.swift */,
			);
			path = BaseSetup;
			sourceTree = "<group>";
		};
		A480B26D2851F60A003CEE92 /* Notification */ = {
			isa = PBXGroup;
			children = (
				A480B274285219AB003CEE92 /* notification.png */,
				A480B26E2851FCCD003CEE92 /* NotificationVC.swift */,
				A480B2702851FCE5003CEE92 /* Notification.storyboard */,
				A465BAA72852FF7A003A5EDD /* NotificationManager.swift */,
			);
			path = Notification;
			sourceTree = "<group>";
		};
		A4AB1143281D04D50005A122 = {
			isa = PBXGroup;
			children = (
				A470571A284F5427007A78BD /* R.generated.swift */,
				A4C7F9E12822912F00779F1B /* Localizable.strings */,
				A4AB114E281D04D50005A122 /* VerooDeliveryApp */,
				A4AB114D281D04D50005A122 /* Products */,
				EC0E5988238194C35620E476 /* Pods */,
				AD44DFC923349AE7B0E5C536 /* Frameworks */,
			);
			sourceTree = "<group>";
		};
		A4AB114D281D04D50005A122 /* Products */ = {
			isa = PBXGroup;
			children = (
				A4AB114C281D04D50005A122 /* VerooDeliveryApp.app */,
			);
			name = Products;
			sourceTree = "<group>";
		};
		A4AB114E281D04D50005A122 /* VerooDeliveryApp */ = {
			isa = PBXGroup;
			children = (
				A4E2D1DC28537FA30020526B /* VerooDeliveryApp.entitlements */,
				A4E2D1DA285376760020526B /* GoogleService-Info.plist */,
				A40E5F0A285884F10081DE7C /* CoreData */,
				A4379C9F285B01D90071A8A7 /* CoreDataTwo */,
				A480B26D2851F60A003CEE92 /* Notification */,
				A418050A2850D7F50099FF89 /* ViewModels */,
				A4705725284F6928007A78BD /* BaseSetup */,
				A4705724284F634F007A78BD /* Profile */,
				A4705723284F62C0007A78BD /* Authentications */,
				A412388E2824EB7E00828E5C /* Coordinators */,
				A4FAC5922823B2F4001255E7 /* OnboardingScreen */,
				A4C7F9D82822588E00779F1B /* Extensions */,
				A4AB116C281D4BC40005A122 /* Fonts */,
				A4AB1163281D08E70005A122 /* CustomControls */,
				A4AB114F281D04D50005A122 /* AppDelegate.swift */,
				A4AB1151281D04D50005A122 /* SceneDelegate.swift */,
				A4AB1153281D04D50005A122 /* ViewController.swift */,
				A4AB1158281D04D70005A122 /* Assets.xcassets */,
				A4AB115A281D04D70005A122 /* LaunchScreen.storyboard */,
				A4AB115D281D04D70005A122 /* Info.plist */,
				A412388C2824D86100828E5C /* Data.swift */,
				A41805082850A04A0099FF89 /* DataClass.swift */,
			);
			path = VerooDeliveryApp;
			sourceTree = "<group>";
		};
		A4AB1163281D08E70005A122 /* CustomControls */ = {
			isa = PBXGroup;
			children = (
				A4FEAD9C282016C600D17E4A /* CustomButton */,
				A4FEAD9928200E6900D17E4A /* CustomTextField */,
				A4FEAD9628200DAA00D17E4A /* CustomLabel */,
				A4AB116A281D3C8B0005A122 /* CustomView.swift */,
			);
			path = CustomControls;
			sourceTree = "<group>";
		};
		A4AB116C281D4BC40005A122 /* Fonts */ = {
			isa = PBXGroup;
			children = (
				A42ADF7F284F1EA1001A3E3F /* ReadexPro-Bold.ttf */,
				A42ADF81284F1EA1001A3E3F /* ReadexPro-ExtraLight.ttf */,
				A42ADF82284F1EA1001A3E3F /* ReadexPro-Light.ttf */,
				A42ADF80284F1EA1001A3E3F /* ReadexPro-Medium.ttf */,
				A42ADF83284F1EA1001A3E3F /* ReadexPro-Regular.ttf */,
				A4C347192822B396005E83DD /* ReadexPro-SemiBold.ttf */,
			);
			path = Fonts;
			sourceTree = "<group>";
		};
		A4C7F9D82822588E00779F1B /* Extensions */ = {
			isa = PBXGroup;
			children = (
				A4C7F9D9282258B900779F1B /* Extensions.swift */,
				A4387C1D2829097500645004 /* UserDefaults.swift */,
				A4FEAD9A282010EA00D17E4A /* Color.swift */,
			);
			path = Extensions;
			sourceTree = "<group>";
		};
		A4FAC5922823B2F4001255E7 /* OnboardingScreen */ = {
			isa = PBXGroup;
			children = (
				A4FAC5902823B2BF001255E7 /* Onboarding.storyboard */,
				A4FAC5932823C4C9001255E7 /* OnboardingVC.swift */,
				A4FAC5952823CF80001255E7 /* OnboardingCell.swift */,
				A4FAC5972823D19D001255E7 /* OnboardingDataClass.swift */,
			);
			path = OnboardingScreen;
			sourceTree = "<group>";
		};
		A4FEAD9628200DAA00D17E4A /* CustomLabel */ = {
			isa = PBXGroup;
			children = (
				A4FEAD8F2820002B00D17E4A /* LabelBaseClass.swift */,
			);
			path = CustomLabel;
			sourceTree = "<group>";
		};
		A4FEAD9928200E6900D17E4A /* CustomTextField */ = {
			isa = PBXGroup;
			children = (
				A4AB1168281D2AE30005A122 /* CustomTextField.swift */,
				A4FEAD8D281FF53A00D17E4A /* CustomPasswordTextField.swift */,
			);
			path = CustomTextField;
			sourceTree = "<group>";
		};
		A4FEAD9C282016C600D17E4A /* CustomButton */ = {
			isa = PBXGroup;
			children = (
				A4FEAD9D2820183B00D17E4A /* CustomButtons.swift */,
			);
			path = CustomButton;
			sourceTree = "<group>";
		};
		AD44DFC923349AE7B0E5C536 /* Frameworks */ = {
			isa = PBXGroup;
			children = (
				EBB976BA569CA974F1A36BA2 /* Pods_VerooDeliveryApp.framework */,
			);
			name = Frameworks;
			sourceTree = "<group>";
		};
		EC0E5988238194C35620E476 /* Pods */ = {
			isa = PBXGroup;
			children = (
				50220A644B6292D1DD2AEDA4 /* Pods-VerooDeliveryApp.debug.xcconfig */,
				A57829C70D180D47AE0C3579 /* Pods-VerooDeliveryApp.release.xcconfig */,
			);
			path = Pods;
			sourceTree = "<group>";
		};
/* End PBXGroup section */

/* Begin PBXNativeTarget section */
		A4AB114B281D04D50005A122 /* VerooDeliveryApp */ = {
			isa = PBXNativeTarget;
			buildConfigurationList = A4AB1160281D04D70005A122 /* Build configuration list for PBXNativeTarget "VerooDeliveryApp" */;
			buildPhases = (
				E179EFD6A8680220F2D835B6 /* [CP] Check Pods Manifest.lock */,
				A4AE660028212BC2003C7D1D /* ShellScript */,
				A4AB1148281D04D50005A122 /* Sources */,
				A4AB1149281D04D50005A122 /* Frameworks */,
				A4AB114A281D04D50005A122 /* Resources */,
				B26E3CAB99A7C981CAEBF16F /* [CP] Embed Pods Frameworks */,
			);
			buildRules = (
			);
			dependencies = (
			);
			name = VerooDeliveryApp;
			productName = VerooDeliveryApp;
			productReference = A4AB114C281D04D50005A122 /* VerooDeliveryApp.app */;
			productType = "com.apple.product-type.application";
		};
/* End PBXNativeTarget section */

/* Begin PBXProject section */
		A4AB1144281D04D50005A122 /* Project object */ = {
			isa = PBXProject;
			attributes = {
				BuildIndependentTargetsInParallel = 1;
				LastSwiftUpdateCheck = 1310;
				LastUpgradeCheck = 1310;
				TargetAttributes = {
					A4AB114B281D04D50005A122 = {
						CreatedOnToolsVersion = 13.1;
					};
				};
			};
			buildConfigurationList = A4AB1147281D04D50005A122 /* Build configuration list for PBXProject "VerooDeliveryApp" */;
			compatibilityVersion = "Xcode 13.0";
			developmentRegion = en;
			hasScannedForEncodings = 0;
			knownRegions = (
				en,
				Base,
			);
			mainGroup = A4AB1143281D04D50005A122;
			productRefGroup = A4AB114D281D04D50005A122 /* Products */;
			projectDirPath = "";
			projectRoot = "";
			targets = (
				A4AB114B281D04D50005A122 /* VerooDeliveryApp */,
			);
		};
/* End PBXProject section */

/* Begin PBXResourcesBuildPhase section */
		A4AB114A281D04D50005A122 /* Resources */ = {
			isa = PBXResourcesBuildPhase;
			buildActionMask = 2147483647;
			files = (
				A4BDE0BE285889C100AD20FA /* Notes.storyboard in Resources */,
				A480B275285219AB003CEE92 /* notification.png in Resources */,
				A4705720284F544C007A78BD /* ReadexPro-Medium.ttf in Resources */,
				A4E2D1DB285376760020526B /* GoogleService-Info.plist in Resources */,
				A4FAC5912823B2BF001255E7 /* Onboarding.storyboard in Resources */,
				A470571F284F544A007A78BD /* ReadexPro-Light.ttf in Resources */,
				A4379C98285A08E80071A8A7 /* UserTasks.storyboard in Resources */,
				A480B2712851FCE5003CEE92 /* Notification.storyboard in Resources */,
				A4AB115C281D04D70005A122 /* LaunchScreen.storyboard in Resources */,
				A4705722284F5451007A78BD /* ReadexPro-SemiBold.ttf in Resources */,
				A4AB1159281D04D70005A122 /* Assets.xcassets in Resources */,
				A4379CB4285B3C270071A8A7 /* CoreData.storyboard in Resources */,
				A4705721284F544E007A78BD /* ReadexPro-Regular.ttf in Resources */,
				A470571D284F5446007A78BD /* ReadexPro-Bold.ttf in Resources */,
				A4C7F9E22822912F00779F1B /* Localizable.strings in Resources */,
				A4C347162822A694005E83DD /* ProfileScreen.storyboard in Resources */,
				A4AB1157281D04D50005A122 /* Main.storyboard in Resources */,
				A470571E284F5448007A78BD /* ReadexPro-ExtraLight.ttf in Resources */,
			);
			runOnlyForDeploymentPostprocessing = 0;
		};
/* End PBXResourcesBuildPhase section */

/* Begin PBXShellScriptBuildPhase section */
		A4AE660028212BC2003C7D1D /* ShellScript */ = {
			isa = PBXShellScriptBuildPhase;
			alwaysOutOfDate = 1;
			buildActionMask = 2147483647;
			files = (
			);
			inputFileListPaths = (
			);
			inputPaths = (
				"",
			);
			outputFileListPaths = (
			);
			outputPaths = (
				$SRCROOT/R.generated.swift,
			);
			runOnlyForDeploymentPostprocessing = 0;
			shellPath = /bin/sh;
			shellScript = "# Type a script or drag a script file from your workspace to insert its path.\n\"$PODS_ROOT/R.swift/rswift\" generate \"$SRCROOT/R.generated.swift\"\n";
		};
		B26E3CAB99A7C981CAEBF16F /* [CP] Embed Pods Frameworks */ = {
			isa = PBXShellScriptBuildPhase;
			buildActionMask = 2147483647;
			files = (
			);
			inputFileListPaths = (
				"${PODS_ROOT}/Target Support Files/Pods-VerooDeliveryApp/Pods-VerooDeliveryApp-frameworks-${CONFIGURATION}-input-files.xcfilelist",
			);
			name = "[CP] Embed Pods Frameworks";
			outputFileListPaths = (
				"${PODS_ROOT}/Target Support Files/Pods-VerooDeliveryApp/Pods-VerooDeliveryApp-frameworks-${CONFIGURATION}-output-files.xcfilelist",
			);
			runOnlyForDeploymentPostprocessing = 0;
			shellPath = /bin/sh;
			shellScript = "\"${PODS_ROOT}/Target Support Files/Pods-VerooDeliveryApp/Pods-VerooDeliveryApp-frameworks.sh\"\n";
			showEnvVarsInLog = 0;
		};
		E179EFD6A8680220F2D835B6 /* [CP] Check Pods Manifest.lock */ = {
			isa = PBXShellScriptBuildPhase;
			buildActionMask = 2147483647;
			files = (
			);
			inputFileListPaths = (
			);
			inputPaths = (
				"${PODS_PODFILE_DIR_PATH}/Podfile.lock",
				"${PODS_ROOT}/Manifest.lock",
			);
			name = "[CP] Check Pods Manifest.lock";
			outputFileListPaths = (
			);
			outputPaths = (
				"$(DERIVED_FILE_DIR)/Pods-VerooDeliveryApp-checkManifestLockResult.txt",
			);
			runOnlyForDeploymentPostprocessing = 0;
			shellPath = /bin/sh;
			shellScript = "diff \"${PODS_PODFILE_DIR_PATH}/Podfile.lock\" \"${PODS_ROOT}/Manifest.lock\" > /dev/null\nif [ $? != 0 ] ; then\n    # print error to STDERR\n    echo \"error: The sandbox is not in sync with the Podfile.lock. Run 'pod install' or update your CocoaPods installation.\" >&2\n    exit 1\nfi\n# This output is used by Xcode 'outputs' to avoid re-running this script phase.\necho \"SUCCESS\" > \"${SCRIPT_OUTPUT_FILE_0}\"\n";
			showEnvVarsInLog = 0;
		};
/* End PBXShellScriptBuildPhase section */

/* Begin PBXSourcesBuildPhase section */
		A4AB1148281D04D50005A122 /* Sources */ = {
			isa = PBXSourcesBuildPhase;
			buildActionMask = 2147483647;
			files = (
				A4379CA9285B03B70071A8A7 /* EmployeeDataRepository.swift in Sources */,
				A41238922824ECCE00828E5C /* AppCoordinator.swift in Sources */,
				A4FEAD902820002B00D17E4A /* LabelBaseClass.swift in Sources */,
				A4379CAF285B05B60071A8A7 /* PersistentStorage.swift in Sources */,
				A470571C284F543D007A78BD /* R.generated.swift in Sources */,
				A4FAC5962823CF80001255E7 /* OnboardingCell.swift in Sources */,
				A412AB822822D21E009348F3 /* ProfileDataClass.swift in Sources */,
				A4379CC2285C464B0071A8A7 /* UpdateDeleteVC.swift in Sources */,
				A4BDE0BC285887E600AD20FA /* NoteModel.xcdatamodeld in Sources */,
				A4379CBC285B58D10071A8A7 /* ShowDataCell.swift in Sources */,
				A4705729284F7906007A78BD /* BaseViewModel.swift in Sources */,
				A4379C862859D19A0071A8A7 /* NotesCoordinator.swift in Sources */,
				A4379C9E285A10C80071A8A7 /* UsersTasksCoordinator.swift in Sources */,
				A4C347182822A85F005E83DD /* ProfileVC.swift in Sources */,
				A4387C1E2829097500645004 /* UserDefaults.swift in Sources */,
				A4FEAD9B282010EA00D17E4A /* Color.swift in Sources */,
				A4AB116B281D3C8B0005A122 /* CustomView.swift in Sources */,
				A480B26F2851FCCD003CEE92 /* NotificationVC.swift in Sources */,
				A41238902824EB9800828E5C /* CoordinatorBoard.swift in Sources */,
				A4FAC5982823D19D001255E7 /* OnboardingDataClass.swift in Sources */,
				A47C556928214E47009508BE /* SignInVC.swift in Sources */,
				A4379CBA285B4D680071A8A7 /* ShowDataVC.swift in Sources */,
				A4379C9C285A0AEB0071A8A7 /* UsersTaskVC.swift in Sources */,
				A470572B284F7AEA007A78BD /* Dynamics.swift in Sources */,
				A4FAC5942823C4C9001255E7 /* OnboardingVC.swift in Sources */,
				A4379C8228599F2C0071A8A7 /* NotesCell.swift in Sources */,
				A4705727284F694E007A78BD /* BaseViewController.swift in Sources */,
				A4BDE0C0285889CC00AD20FA /* NotesVC.swift in Sources */,
				A480B27328520770003CEE92 /* NotificationCoordinator.swift in Sources */,
				A4379CAC285B04030071A8A7 /* Employee.swift in Sources */,
				A41805092850A04A0099FF89 /* DataClass.swift in Sources */,
				A4AB1154281D04D50005A122 /* ViewController.swift in Sources */,
				A4379CB2285B34D70071A8A7 /* EmployeeManager.swift in Sources */,
				A41238942824F01500828E5C /* ProfileCoordinator.swift in Sources */,
				A412388D2824D86100828E5C /* Data.swift in Sources */,
				A4379CBE285B5E080071A8A7 /* ShowsDataCoordinator.swift in Sources */,
				A418050C2850D8070099FF89 /* AuthenticationViewModel.swift in Sources */,
				A4FEAD8E281FF53A00D17E4A /* CustomPasswordTextField.swift in Sources */,
				A41442CC285081B400E32E7A /* GenericClass.swift in Sources */,
				A41238962824F20400828E5C /* AuthenticatorCoordinator.swift in Sources */,
				A4AB1169281D2AE30005A122 /* CustomTextField.swift in Sources */,
				A412AB802822D116009348F3 /* ProfileCell.swift in Sources */,
				A4AB1150281D04D50005A122 /* AppDelegate.swift in Sources */,
				A41442CA28507C3E00E32E7A /* ViewModelFactory.swift in Sources */,
				A4FEAD9E2820183B00D17E4A /* CustomButtons.swift in Sources */,
				A4AB1152281D04D50005A122 /* SceneDelegate.swift in Sources */,
				A465BAA82852FF7A003A5EDD /* NotificationManager.swift in Sources */,
				A4379CB8285B3F450071A8A7 /* CoreDataCoordinator.swift in Sources */,
				A47C556B28214E7D009508BE /* SignUpVC.swift in Sources */,
				A4379CA2285B02120071A8A7 /* CDEmployee.xcdatamodeld in Sources */,
				A4379CB6285B3CC70071A8A7 /* CoreDataVC.swift in Sources */,
				A4379CC0285C45F90071A8A7 /* ShowDetailsCoordinator.swift in Sources */,
				A4C7F9DA282258B900779F1B /* Extensions.swift in Sources */,
			);
			runOnlyForDeploymentPostprocessing = 0;
		};
/* End PBXSourcesBuildPhase section */

/* Begin PBXVariantGroup section */
		A4AB1155281D04D50005A122 /* Main.storyboard */ = {
			isa = PBXVariantGroup;
			children = (
				A4AB1156281D04D50005A122 /* Base */,
			);
			name = Main.storyboard;
			sourceTree = "<group>";
		};
		A4AB115A281D04D70005A122 /* LaunchScreen.storyboard */ = {
			isa = PBXVariantGroup;
			children = (
				A4AB115B281D04D70005A122 /* Base */,
			);
			name = LaunchScreen.storyboard;
			sourceTree = "<group>";
		};
/* End PBXVariantGroup section */

/* Begin XCBuildConfiguration section */
		A4AB115E281D04D70005A122 /* Debug */ = {
			isa = XCBuildConfiguration;
			buildSettings = {
				ALWAYS_SEARCH_USER_PATHS = NO;
				CLANG_ANALYZER_NONNULL = YES;
				CLANG_ANALYZER_NUMBER_OBJECT_CONVERSION = YES_AGGRESSIVE;
				CLANG_CXX_LANGUAGE_STANDARD = "gnu++17";
				CLANG_CXX_LIBRARY = "libc++";
				CLANG_ENABLE_MODULES = YES;
				CLANG_ENABLE_OBJC_ARC = YES;
				CLANG_ENABLE_OBJC_WEAK = YES;
				CLANG_WARN_BLOCK_CAPTURE_AUTORELEASING = YES;
				CLANG_WARN_BOOL_CONVERSION = YES;
				CLANG_WARN_COMMA = YES;
				CLANG_WARN_CONSTANT_CONVERSION = YES;
				CLANG_WARN_DEPRECATED_OBJC_IMPLEMENTATIONS = YES;
				CLANG_WARN_DIRECT_OBJC_ISA_USAGE = YES_ERROR;
				CLANG_WARN_DOCUMENTATION_COMMENTS = YES;
				CLANG_WARN_EMPTY_BODY = YES;
				CLANG_WARN_ENUM_CONVERSION = YES;
				CLANG_WARN_INFINITE_RECURSION = YES;
				CLANG_WARN_INT_CONVERSION = YES;
				CLANG_WARN_NON_LITERAL_NULL_CONVERSION = YES;
				CLANG_WARN_OBJC_IMPLICIT_RETAIN_SELF = YES;
				CLANG_WARN_OBJC_LITERAL_CONVERSION = YES;
				CLANG_WARN_OBJC_ROOT_CLASS = YES_ERROR;
				CLANG_WARN_QUOTED_INCLUDE_IN_FRAMEWORK_HEADER = YES;
				CLANG_WARN_RANGE_LOOP_ANALYSIS = YES;
				CLANG_WARN_STRICT_PROTOTYPES = YES;
				CLANG_WARN_SUSPICIOUS_MOVE = YES;
				CLANG_WARN_UNGUARDED_AVAILABILITY = YES_AGGRESSIVE;
				CLANG_WARN_UNREACHABLE_CODE = YES;
				CLANG_WARN__DUPLICATE_METHOD_MATCH = YES;
				COPY_PHASE_STRIP = NO;
				DEBUG_INFORMATION_FORMAT = dwarf;
				ENABLE_STRICT_OBJC_MSGSEND = YES;
				ENABLE_TESTABILITY = YES;
				GCC_C_LANGUAGE_STANDARD = gnu11;
				GCC_DYNAMIC_NO_PIC = NO;
				GCC_NO_COMMON_BLOCKS = YES;
				GCC_OPTIMIZATION_LEVEL = 0;
				GCC_PREPROCESSOR_DEFINITIONS = (
					"DEBUG=1",
					"$(inherited)",
				);
				GCC_WARN_64_TO_32_BIT_CONVERSION = YES;
				GCC_WARN_ABOUT_RETURN_TYPE = YES_ERROR;
				GCC_WARN_UNDECLARED_SELECTOR = YES;
				GCC_WARN_UNINITIALIZED_AUTOS = YES_AGGRESSIVE;
				GCC_WARN_UNUSED_FUNCTION = YES;
				GCC_WARN_UNUSED_VARIABLE = YES;
				IPHONEOS_DEPLOYMENT_TARGET = 15.0;
				MTL_ENABLE_DEBUG_INFO = INCLUDE_SOURCE;
				MTL_FAST_MATH = YES;
				ONLY_ACTIVE_ARCH = YES;
				SDKROOT = iphoneos;
				SWIFT_ACTIVE_COMPILATION_CONDITIONS = DEBUG;
				SWIFT_OPTIMIZATION_LEVEL = "-Onone";
			};
			name = Debug;
		};
		A4AB115F281D04D70005A122 /* Release */ = {
			isa = XCBuildConfiguration;
			buildSettings = {
				ALWAYS_SEARCH_USER_PATHS = NO;
				CLANG_ANALYZER_NONNULL = YES;
				CLANG_ANALYZER_NUMBER_OBJECT_CONVERSION = YES_AGGRESSIVE;
				CLANG_CXX_LANGUAGE_STANDARD = "gnu++17";
				CLANG_CXX_LIBRARY = "libc++";
				CLANG_ENABLE_MODULES = YES;
				CLANG_ENABLE_OBJC_ARC = YES;
				CLANG_ENABLE_OBJC_WEAK = YES;
				CLANG_WARN_BLOCK_CAPTURE_AUTORELEASING = YES;
				CLANG_WARN_BOOL_CONVERSION = YES;
				CLANG_WARN_COMMA = YES;
				CLANG_WARN_CONSTANT_CONVERSION = YES;
				CLANG_WARN_DEPRECATED_OBJC_IMPLEMENTATIONS = YES;
				CLANG_WARN_DIRECT_OBJC_ISA_USAGE = YES_ERROR;
				CLANG_WARN_DOCUMENTATION_COMMENTS = YES;
				CLANG_WARN_EMPTY_BODY = YES;
				CLANG_WARN_ENUM_CONVERSION = YES;
				CLANG_WARN_INFINITE_RECURSION = YES;
				CLANG_WARN_INT_CONVERSION = YES;
				CLANG_WARN_NON_LITERAL_NULL_CONVERSION = YES;
				CLANG_WARN_OBJC_IMPLICIT_RETAIN_SELF = YES;
				CLANG_WARN_OBJC_LITERAL_CONVERSION = YES;
				CLANG_WARN_OBJC_ROOT_CLASS = YES_ERROR;
				CLANG_WARN_QUOTED_INCLUDE_IN_FRAMEWORK_HEADER = YES;
				CLANG_WARN_RANGE_LOOP_ANALYSIS = YES;
				CLANG_WARN_STRICT_PROTOTYPES = YES;
				CLANG_WARN_SUSPICIOUS_MOVE = YES;
				CLANG_WARN_UNGUARDED_AVAILABILITY = YES_AGGRESSIVE;
				CLANG_WARN_UNREACHABLE_CODE = YES;
				CLANG_WARN__DUPLICATE_METHOD_MATCH = YES;
				COPY_PHASE_STRIP = NO;
				DEBUG_INFORMATION_FORMAT = "dwarf-with-dsym";
				ENABLE_NS_ASSERTIONS = NO;
				ENABLE_STRICT_OBJC_MSGSEND = YES;
				GCC_C_LANGUAGE_STANDARD = gnu11;
				GCC_NO_COMMON_BLOCKS = YES;
				GCC_WARN_64_TO_32_BIT_CONVERSION = YES;
				GCC_WARN_ABOUT_RETURN_TYPE = YES_ERROR;
				GCC_WARN_UNDECLARED_SELECTOR = YES;
				GCC_WARN_UNINITIALIZED_AUTOS = YES_AGGRESSIVE;
				GCC_WARN_UNUSED_FUNCTION = YES;
				GCC_WARN_UNUSED_VARIABLE = YES;
				IPHONEOS_DEPLOYMENT_TARGET = 15.0;
				MTL_ENABLE_DEBUG_INFO = NO;
				MTL_FAST_MATH = YES;
				SDKROOT = iphoneos;
				SWIFT_COMPILATION_MODE = wholemodule;
				SWIFT_OPTIMIZATION_LEVEL = "-O";
				VALIDATE_PRODUCT = YES;
			};
			name = Release;
		};
		A4AB1161281D04D70005A122 /* Debug */ = {
			isa = XCBuildConfiguration;
			baseConfigurationReference = 50220A644B6292D1DD2AEDA4 /* Pods-VerooDeliveryApp.debug.xcconfig */;
			buildSettings = {
				ASSETCATALOG_COMPILER_APPICON_NAME = AppIcon;
				ASSETCATALOG_COMPILER_GLOBAL_ACCENT_COLOR_NAME = AccentColor;
				CODE_SIGN_ENTITLEMENTS = VerooDeliveryApp/VerooDeliveryApp.entitlements;
				CODE_SIGN_STYLE = Automatic;
				CURRENT_PROJECT_VERSION = 1;
				GENERATE_INFOPLIST_FILE = YES;
				INFOPLIST_FILE = VerooDeliveryApp/Info.plist;
				INFOPLIST_KEY_UIApplicationSupportsIndirectInputEvents = YES;
				INFOPLIST_KEY_UILaunchStoryboardName = LaunchScreen;
				INFOPLIST_KEY_UIMainStoryboardFile = Main;
				INFOPLIST_KEY_UISupportedInterfaceOrientations_iPad = "UIInterfaceOrientationPortrait UIInterfaceOrientationPortraitUpsideDown UIInterfaceOrientationLandscapeLeft UIInterfaceOrientationLandscapeRight";
				INFOPLIST_KEY_UISupportedInterfaceOrientations_iPhone = "UIInterfaceOrientationPortrait UIInterfaceOrientationLandscapeLeft UIInterfaceOrientationLandscapeRight";
				LD_RUNPATH_SEARCH_PATHS = (
					"$(inherited)",
					"@executable_path/Frameworks",
				);
				MARKETING_VERSION = 1.0;
				PRODUCT_BUNDLE_IDENTIFIER = com.aparna.VerooDeliveryApp;
				PRODUCT_NAME = "$(TARGET_NAME)";
				SWIFT_EMIT_LOC_STRINGS = YES;
				SWIFT_VERSION = 5.0;
				TARGETED_DEVICE_FAMILY = "1,2";
			};
			name = Debug;
		};
		A4AB1162281D04D70005A122 /* Release */ = {
			isa = XCBuildConfiguration;
			baseConfigurationReference = A57829C70D180D47AE0C3579 /* Pods-VerooDeliveryApp.release.xcconfig */;
			buildSettings = {
				ASSETCATALOG_COMPILER_APPICON_NAME = AppIcon;
				ASSETCATALOG_COMPILER_GLOBAL_ACCENT_COLOR_NAME = AccentColor;
				CODE_SIGN_ENTITLEMENTS = VerooDeliveryApp/VerooDeliveryApp.entitlements;
				CODE_SIGN_STYLE = Automatic;
				CURRENT_PROJECT_VERSION = 1;
				GENERATE_INFOPLIST_FILE = YES;
				INFOPLIST_FILE = VerooDeliveryApp/Info.plist;
				INFOPLIST_KEY_UIApplicationSupportsIndirectInputEvents = YES;
				INFOPLIST_KEY_UILaunchStoryboardName = LaunchScreen;
				INFOPLIST_KEY_UIMainStoryboardFile = Main;
				INFOPLIST_KEY_UISupportedInterfaceOrientations_iPad = "UIInterfaceOrientationPortrait UIInterfaceOrientationPortraitUpsideDown UIInterfaceOrientationLandscapeLeft UIInterfaceOrientationLandscapeRight";
				INFOPLIST_KEY_UISupportedInterfaceOrientations_iPhone = "UIInterfaceOrientationPortrait UIInterfaceOrientationLandscapeLeft UIInterfaceOrientationLandscapeRight";
				LD_RUNPATH_SEARCH_PATHS = (
					"$(inherited)",
					"@executable_path/Frameworks",
				);
				MARKETING_VERSION = 1.0;
				PRODUCT_BUNDLE_IDENTIFIER = com.aparna.VerooDeliveryApp;
				PRODUCT_NAME = "$(TARGET_NAME)";
				SWIFT_EMIT_LOC_STRINGS = YES;
				SWIFT_VERSION = 5.0;
				TARGETED_DEVICE_FAMILY = "1,2";
			};
			name = Release;
		};
/* End XCBuildConfiguration section */

/* Begin XCConfigurationList section */
		A4AB1147281D04D50005A122 /* Build configuration list for PBXProject "VerooDeliveryApp" */ = {
			isa = XCConfigurationList;
			buildConfigurations = (
				A4AB115E281D04D70005A122 /* Debug */,
				A4AB115F281D04D70005A122 /* Release */,
			);
			defaultConfigurationIsVisible = 0;
			defaultConfigurationName = Release;
		};
		A4AB1160281D04D70005A122 /* Build configuration list for PBXNativeTarget "VerooDeliveryApp" */ = {
			isa = XCConfigurationList;
			buildConfigurations = (
				A4AB1161281D04D70005A122 /* Debug */,
				A4AB1162281D04D70005A122 /* Release */,
			);
			defaultConfigurationIsVisible = 0;
			defaultConfigurationName = Release;
		};
/* End XCConfigurationList section */

/* Begin XCVersionGroup section */
		A4379CA0285B02120071A8A7 /* CDEmployee.xcdatamodeld */ = {
			isa = XCVersionGroup;
			children = (
				A4379CA1285B02120071A8A7 /* CDEmployee.xcdatamodel */,
			);
			currentVersion = A4379CA1285B02120071A8A7 /* CDEmployee.xcdatamodel */;
			path = CDEmployee.xcdatamodeld;
			sourceTree = "<group>";
			versionGroupType = wrapper.xcdatamodel;
		};
		A4BDE0BA285887E600AD20FA /* NoteModel.xcdatamodeld */ = {
			isa = XCVersionGroup;
			children = (
				A4BDE0BB285887E600AD20FA /* NoteModel.xcdatamodel */,
			);
			currentVersion = A4BDE0BB285887E600AD20FA /* NoteModel.xcdatamodel */;
			path = NoteModel.xcdatamodeld;
			sourceTree = "<group>";
			versionGroupType = wrapper.xcdatamodel;
		};
/* End XCVersionGroup section */
	};
	rootObject = A4AB1144281D04D50005A122 /* Project object */;
}
