// !$*UTF8*$!
{
	archiveVersion = 1;
	classes = {
	};
	objectVersion = 55;
	objects = {

/* Begin PBXBuildFile section */
		A4387C172826441B00645004 /* ReadexPro-Regular.ttf in Resources */ = {isa = PBXBuildFile; fileRef = A4387C112826441B00645004 /* ReadexPro-Regular.ttf */; };
		A4387C182826441B00645004 /* ReadexPro-SemiBold.ttf in Resources */ = {isa = PBXBuildFile; fileRef = A4387C122826441B00645004 /* ReadexPro-SemiBold.ttf */; };
		A4387C192826441B00645004 /* ReadexPro-Light.ttf in Resources */ = {isa = PBXBuildFile; fileRef = A4387C132826441B00645004 /* ReadexPro-Light.ttf */; };
		A4387C1A2826441B00645004 /* ReadexPro-Bold.ttf in Resources */ = {isa = PBXBuildFile; fileRef = A4387C142826441B00645004 /* ReadexPro-Bold.ttf */; };
		A4387C1B2826441B00645004 /* ReadexPro-ExtraLight.ttf in Resources */ = {isa = PBXBuildFile; fileRef = A4387C152826441B00645004 /* ReadexPro-ExtraLight.ttf */; };
		A4387C1C2826441B00645004 /* ReadexPro-Medium.ttf in Resources */ = {isa = PBXBuildFile; fileRef = A4387C162826441B00645004 /* ReadexPro-Medium.ttf */; };
		A47C556928214E47009508BE /* SignInVC.swift in Sources */ = {isa = PBXBuildFile; fileRef = A47C556828214E47009508BE /* SignInVC.swift */; };
		A47C556B28214E7D009508BE /* SignUpVC.swift in Sources */ = {isa = PBXBuildFile; fileRef = A47C556A28214E7D009508BE /* SignUpVC.swift */; };
		A4AB1150281D04D50005A122 /* AppDelegate.swift in Sources */ = {isa = PBXBuildFile; fileRef = A4AB114F281D04D50005A122 /* AppDelegate.swift */; };
		A4AB1152281D04D50005A122 /* SceneDelegate.swift in Sources */ = {isa = PBXBuildFile; fileRef = A4AB1151281D04D50005A122 /* SceneDelegate.swift */; };
		A4AB1154281D04D50005A122 /* ViewController.swift in Sources */ = {isa = PBXBuildFile; fileRef = A4AB1153281D04D50005A122 /* ViewController.swift */; };
		A4AB1157281D04D50005A122 /* Main.storyboard in Resources */ = {isa = PBXBuildFile; fileRef = A4AB1155281D04D50005A122 /* Main.storyboard */; };
		A4AB1159281D04D70005A122 /* Assets.xcassets in Resources */ = {isa = PBXBuildFile; fileRef = A4AB1158281D04D70005A122 /* Assets.xcassets */; };
		A4AB115C281D04D70005A122 /* LaunchScreen.storyboard in Resources */ = {isa = PBXBuildFile; fileRef = A4AB115A281D04D70005A122 /* LaunchScreen.storyboard */; };
		A4AB1169281D2AE30005A122 /* CustomTextField.swift in Sources */ = {isa = PBXBuildFile; fileRef = A4AB1168281D2AE30005A122 /* CustomTextField.swift */; };
		A4AB116B281D3C8B0005A122 /* CustomView.swift in Sources */ = {isa = PBXBuildFile; fileRef = A4AB116A281D3C8B0005A122 /* CustomView.swift */; };
		A4C7F9DA282258B900779F1B /* Extensions.swift in Sources */ = {isa = PBXBuildFile; fileRef = A4C7F9D9282258B900779F1B /* Extensions.swift */; };
		A4C7F9DE282290C900779F1B /* R.generated.swift in Sources */ = {isa = PBXBuildFile; fileRef = A4C7F9DD282290C900779F1B /* R.generated.swift */; };
		A4C7F9E22822912F00779F1B /* Localizable.strings in Resources */ = {isa = PBXBuildFile; fileRef = A4C7F9E12822912F00779F1B /* Localizable.strings */; };
		A4FEAD8E281FF53A00D17E4A /* CustomPasswordTextField.swift in Sources */ = {isa = PBXBuildFile; fileRef = A4FEAD8D281FF53A00D17E4A /* CustomPasswordTextField.swift */; };
		A4FEAD902820002B00D17E4A /* LabelBaseClass.swift in Sources */ = {isa = PBXBuildFile; fileRef = A4FEAD8F2820002B00D17E4A /* LabelBaseClass.swift */; };
		A4FEAD9B282010EA00D17E4A /* Color.swift in Sources */ = {isa = PBXBuildFile; fileRef = A4FEAD9A282010EA00D17E4A /* Color.swift */; };
		A4FEAD9E2820183B00D17E4A /* CustomButtons.swift in Sources */ = {isa = PBXBuildFile; fileRef = A4FEAD9D2820183B00D17E4A /* CustomButtons.swift */; };
		D8841E12969002D3DB898EA9 /* Pods_VerooDeliveryApp.framework in Frameworks */ = {isa = PBXBuildFile; fileRef = EBB976BA569CA974F1A36BA2 /* Pods_VerooDeliveryApp.framework */; };
/* End PBXBuildFile section */

/* Begin PBXFileReference section */
		50220A644B6292D1DD2AEDA4 /* Pods-VerooDeliveryApp.debug.xcconfig */ = {isa = PBXFileReference; includeInIndex = 1; lastKnownFileType = text.xcconfig; name = "Pods-VerooDeliveryApp.debug.xcconfig"; path = "Target Support Files/Pods-VerooDeliveryApp/Pods-VerooDeliveryApp.debug.xcconfig"; sourceTree = "<group>"; };
		A4387C112826441B00645004 /* ReadexPro-Regular.ttf */ = {isa = PBXFileReference; lastKnownFileType = file; path = "ReadexPro-Regular.ttf"; sourceTree = "<group>"; };
		A4387C122826441B00645004 /* ReadexPro-SemiBold.ttf */ = {isa = PBXFileReference; lastKnownFileType = file; path = "ReadexPro-SemiBold.ttf"; sourceTree = "<group>"; };
		A4387C132826441B00645004 /* ReadexPro-Light.ttf */ = {isa = PBXFileReference; lastKnownFileType = file; path = "ReadexPro-Light.ttf"; sourceTree = "<group>"; };
		A4387C142826441B00645004 /* ReadexPro-Bold.ttf */ = {isa = PBXFileReference; lastKnownFileType = file; path = "ReadexPro-Bold.ttf"; sourceTree = "<group>"; };
		A4387C152826441B00645004 /* ReadexPro-ExtraLight.ttf */ = {isa = PBXFileReference; lastKnownFileType = file; path = "ReadexPro-ExtraLight.ttf"; sourceTree = "<group>"; };
		A4387C162826441B00645004 /* ReadexPro-Medium.ttf */ = {isa = PBXFileReference; lastKnownFileType = file; path = "ReadexPro-Medium.ttf"; sourceTree = "<group>"; };
		A47C556828214E47009508BE /* SignInVC.swift */ = {isa = PBXFileReference; lastKnownFileType = sourcecode.swift; path = SignInVC.swift; sourceTree = "<group>"; };
		A47C556A28214E7D009508BE /* SignUpVC.swift */ = {isa = PBXFileReference; lastKnownFileType = sourcecode.swift; path = SignUpVC.swift; sourceTree = "<group>"; };
		A4AB114C281D04D50005A122 /* VerooDeliveryApp.app */ = {isa = PBXFileReference; explicitFileType = wrapper.application; includeInIndex = 0; path = VerooDeliveryApp.app; sourceTree = BUILT_PRODUCTS_DIR; };
		A4AB114F281D04D50005A122 /* AppDelegate.swift */ = {isa = PBXFileReference; lastKnownFileType = sourcecode.swift; path = AppDelegate.swift; sourceTree = "<group>"; };
		A4AB1151281D04D50005A122 /* SceneDelegate.swift */ = {isa = PBXFileReference; lastKnownFileType = sourcecode.swift; path = SceneDelegate.swift; sourceTree = "<group>"; };
		A4AB1153281D04D50005A122 /* ViewController.swift */ = {isa = PBXFileReference; lastKnownFileType = sourcecode.swift; path = ViewController.swift; sourceTree = "<group>"; };
		A4AB1156281D04D50005A122 /* Base */ = {isa = PBXFileReference; lastKnownFileType = file.storyboard; name = Base; path = Base.lproj/Main.storyboard; sourceTree = "<group>"; };
		A4AB1158281D04D70005A122 /* Assets.xcassets */ = {isa = PBXFileReference; lastKnownFileType = folder.assetcatalog; path = Assets.xcassets; sourceTree = "<group>"; };
		A4AB115B281D04D70005A122 /* Base */ = {isa = PBXFileReference; lastKnownFileType = file.storyboard; name = Base; path = Base.lproj/LaunchScreen.storyboard; sourceTree = "<group>"; };
		A4AB115D281D04D70005A122 /* Info.plist */ = {isa = PBXFileReference; lastKnownFileType = text.plist.xml; path = Info.plist; sourceTree = "<group>"; };
		A4AB1168281D2AE30005A122 /* CustomTextField.swift */ = {isa = PBXFileReference; lastKnownFileType = sourcecode.swift; path = CustomTextField.swift; sourceTree = "<group>"; };
		A4AB116A281D3C8B0005A122 /* CustomView.swift */ = {isa = PBXFileReference; lastKnownFileType = sourcecode.swift; path = CustomView.swift; sourceTree = "<group>"; };
		A4C7F9D9282258B900779F1B /* Extensions.swift */ = {isa = PBXFileReference; lastKnownFileType = sourcecode.swift; path = Extensions.swift; sourceTree = "<group>"; };
		A4C7F9DD282290C900779F1B /* R.generated.swift */ = {isa = PBXFileReference; fileEncoding = 4; lastKnownFileType = sourcecode.swift; path = R.generated.swift; sourceTree = "<group>"; };
		A4C7F9E12822912F00779F1B /* Localizable.strings */ = {isa = PBXFileReference; lastKnownFileType = text.plist.strings; path = Localizable.strings; sourceTree = "<group>"; };
		A4FEAD8D281FF53A00D17E4A /* CustomPasswordTextField.swift */ = {isa = PBXFileReference; lastKnownFileType = sourcecode.swift; path = CustomPasswordTextField.swift; sourceTree = "<group>"; };
		A4FEAD8F2820002B00D17E4A /* LabelBaseClass.swift */ = {isa = PBXFileReference; lastKnownFileType = sourcecode.swift; path = LabelBaseClass.swift; sourceTree = "<group>"; };
		A4FEAD9A282010EA00D17E4A /* Color.swift */ = {isa = PBXFileReference; lastKnownFileType = sourcecode.swift; path = Color.swift; sourceTree = "<group>"; };
		A4FEAD9D2820183B00D17E4A /* CustomButtons.swift */ = {isa = PBXFileReference; lastKnownFileType = sourcecode.swift; path = CustomButtons.swift; sourceTree = "<group>"; };
		A57829C70D180D47AE0C3579 /* Pods-VerooDeliveryApp.release.xcconfig */ = {isa = PBXFileReference; includeInIndex = 1; lastKnownFileType = text.xcconfig; name = "Pods-VerooDeliveryApp.release.xcconfig"; path = "Target Support Files/Pods-VerooDeliveryApp/Pods-VerooDeliveryApp.release.xcconfig"; sourceTree = "<group>"; };
		EBB976BA569CA974F1A36BA2 /* Pods_VerooDeliveryApp.framework */ = {isa = PBXFileReference; explicitFileType = wrapper.framework; includeInIndex = 0; path = Pods_VerooDeliveryApp.framework; sourceTree = BUILT_PRODUCTS_DIR; };
/* End PBXFileReference section */

/* Begin PBXFrameworksBuildPhase section */
		A4AB1149281D04D50005A122 /* Frameworks */ = {
			isa = PBXFrameworksBuildPhase;
			buildActionMask = 2147483647;
			files = (
				D8841E12969002D3DB898EA9 /* Pods_VerooDeliveryApp.framework in Frameworks */,
			);
			runOnlyForDeploymentPostprocessing = 0;
		};
/* End PBXFrameworksBuildPhase section */

/* Begin PBXGroup section */
		A412389728253EDD00828E5C /* Authentication */ = {
			isa = PBXGroup;
			children = (
				A47C556A28214E7D009508BE /* SignUpVC.swift */,
				A47C556828214E47009508BE /* SignInVC.swift */,
				A4AB1155281D04D50005A122 /* Main.storyboard */,
				A4AB1153281D04D50005A122 /* ViewController.swift */,
			);
			path = Authentication;
			sourceTree = "<group>";
		};
		A4387C102826441B00645004 /* Fonts */ = {
			isa = PBXGroup;
			children = (
				A4387C112826441B00645004 /* ReadexPro-Regular.ttf */,
				A4387C122826441B00645004 /* ReadexPro-SemiBold.ttf */,
				A4387C132826441B00645004 /* ReadexPro-Light.ttf */,
				A4387C142826441B00645004 /* ReadexPro-Bold.ttf */,
				A4387C152826441B00645004 /* ReadexPro-ExtraLight.ttf */,
				A4387C162826441B00645004 /* ReadexPro-Medium.ttf */,
			);
			path = Fonts;
			sourceTree = "<group>";
		};
		A4AB1143281D04D50005A122 = {
			isa = PBXGroup;
			children = (
				A4C7F9E12822912F00779F1B /* Localizable.strings */,
				A4C7F9DD282290C900779F1B /* R.generated.swift */,
				A4AB114E281D04D50005A122 /* VerooDeliveryApp */,
				A4AB114D281D04D50005A122 /* Products */,
				EC0E5988238194C35620E476 /* Pods */,
				AD44DFC923349AE7B0E5C536 /* Frameworks */,
			);
			sourceTree = "<group>";
		};
		A4AB114D281D04D50005A122 /* Products */ = {
			isa = PBXGroup;
			children = (
				A4AB114C281D04D50005A122 /* VerooDeliveryApp.app */,
			);
			name = Products;
			sourceTree = "<group>";
		};
		A4AB114E281D04D50005A122 /* VerooDeliveryApp */ = {
			isa = PBXGroup;
			children = (
				A4387C102826441B00645004 /* Fonts */,
				A412389728253EDD00828E5C /* Authentication */,
				A4C7F9D82822588E00779F1B /* Extensions */,
				A4AB1163281D08E70005A122 /* CustomControls */,
				A4AB114F281D04D50005A122 /* AppDelegate.swift */,
				A4AB1151281D04D50005A122 /* SceneDelegate.swift */,
				A4AB1158281D04D70005A122 /* Assets.xcassets */,
				A4AB115A281D04D70005A122 /* LaunchScreen.storyboard */,
				A4AB115D281D04D70005A122 /* Info.plist */,
			);
			path = VerooDeliveryApp;
			sourceTree = "<group>";
		};
		A4AB1163281D08E70005A122 /* CustomControls */ = {
			isa = PBXGroup;
			children = (
				A4FEAD9C282016C600D17E4A /* CustomButton */,
				A4FEAD9928200E6900D17E4A /* CustomTextField */,
				A4FEAD9628200DAA00D17E4A /* CustomLabel */,
				A4AB116A281D3C8B0005A122 /* CustomView.swift */,
			);
			path = CustomControls;
			sourceTree = "<group>";
		};
		A4C7F9D82822588E00779F1B /* Extensions */ = {
			isa = PBXGroup;
			children = (
				A4C7F9D9282258B900779F1B /* Extensions.swift */,
				A4FEAD9A282010EA00D17E4A /* Color.swift */,
			);
			path = Extensions;
			sourceTree = "<group>";
		};
		A4FEAD9628200DAA00D17E4A /* CustomLabel */ = {
			isa = PBXGroup;
			children = (
				A4FEAD8F2820002B00D17E4A /* LabelBaseClass.swift */,
			);
			path = CustomLabel;
			sourceTree = "<group>";
		};
		A4FEAD9928200E6900D17E4A /* CustomTextField */ = {
			isa = PBXGroup;
			children = (
				A4AB1168281D2AE30005A122 /* CustomTextField.swift */,
				A4FEAD8D281FF53A00D17E4A /* CustomPasswordTextField.swift */,
			);
			path = CustomTextField;
			sourceTree = "<group>";
		};
		A4FEAD9C282016C600D17E4A /* CustomButton */ = {
			isa = PBXGroup;
			children = (
				A4FEAD9D2820183B00D17E4A /* CustomButtons.swift */,
			);
			path = CustomButton;
			sourceTree = "<group>";
		};
		AD44DFC923349AE7B0E5C536 /* Frameworks */ = {
			isa = PBXGroup;
			children = (
				EBB976BA569CA974F1A36BA2 /* Pods_VerooDeliveryApp.framework */,
			);
			name = Frameworks;
			sourceTree = "<group>";
		};
		EC0E5988238194C35620E476 /* Pods */ = {
			isa = PBXGroup;
			children = (
				50220A644B6292D1DD2AEDA4 /* Pods-VerooDeliveryApp.debug.xcconfig */,
				A57829C70D180D47AE0C3579 /* Pods-VerooDeliveryApp.release.xcconfig */,
			);
			path = Pods;
			sourceTree = "<group>";
		};
/* End PBXGroup section */

/* Begin PBXNativeTarget section */
		A4AB114B281D04D50005A122 /* VerooDeliveryApp */ = {
			isa = PBXNativeTarget;
			buildConfigurationList = A4AB1160281D04D70005A122 /* Build configuration list for PBXNativeTarget "VerooDeliveryApp" */;
			buildPhases = (
				E179EFD6A8680220F2D835B6 /* [CP] Check Pods Manifest.lock */,
				A4AE660028212BC2003C7D1D /* ShellScript */,
				A4AB1148281D04D50005A122 /* Sources */,
				A4AB1149281D04D50005A122 /* Frameworks */,
				A4AB114A281D04D50005A122 /* Resources */,
				B26E3CAB99A7C981CAEBF16F /* [CP] Embed Pods Frameworks */,
			);
			buildRules = (
			);
			dependencies = (
			);
			name = VerooDeliveryApp;
			productName = VerooDeliveryApp;
			productReference = A4AB114C281D04D50005A122 /* VerooDeliveryApp.app */;
			productType = "com.apple.product-type.application";
		};
/* End PBXNativeTarget section */

/* Begin PBXProject section */
		A4AB1144281D04D50005A122 /* Project object */ = {
			isa = PBXProject;
			attributes = {
				BuildIndependentTargetsInParallel = 1;
				LastSwiftUpdateCheck = 1310;
				LastUpgradeCheck = 1310;
				TargetAttributes = {
					A4AB114B281D04D50005A122 = {
						CreatedOnToolsVersion = 13.1;
					};
				};
			};
			buildConfigurationList = A4AB1147281D04D50005A122 /* Build configuration list for PBXProject "VerooDeliveryApp" */;
			compatibilityVersion = "Xcode 13.0";
			developmentRegion = en;
			hasScannedForEncodings = 0;
			knownRegions = (
				en,
				Base,
			);
			mainGroup = A4AB1143281D04D50005A122;
			productRefGroup = A4AB114D281D04D50005A122 /* Products */;
			projectDirPath = "";
			projectRoot = "";
			targets = (
				A4AB114B281D04D50005A122 /* VerooDeliveryApp */,
			);
		};
/* End PBXProject section */

/* Begin PBXResourcesBuildPhase section */
		A4AB114A281D04D50005A122 /* Resources */ = {
			isa = PBXResourcesBuildPhase;
			buildActionMask = 2147483647;
			files = (
				A4387C1C2826441B00645004 /* ReadexPro-Medium.ttf in Resources */,
				A4387C192826441B00645004 /* ReadexPro-Light.ttf in Resources */,
				A4AB115C281D04D70005A122 /* LaunchScreen.storyboard in Resources */,
				A4AB1159281D04D70005A122 /* Assets.xcassets in Resources */,
				A4C7F9E22822912F00779F1B /* Localizable.strings in Resources */,
				A4387C172826441B00645004 /* ReadexPro-Regular.ttf in Resources */,
				A4387C182826441B00645004 /* ReadexPro-SemiBold.ttf in Resources */,
				A4387C1A2826441B00645004 /* ReadexPro-Bold.ttf in Resources */,
				A4387C1B2826441B00645004 /* ReadexPro-ExtraLight.ttf in Resources */,
				A4AB1157281D04D50005A122 /* Main.storyboard in Resources */,
			);
			runOnlyForDeploymentPostprocessing = 0;
		};
/* End PBXResourcesBuildPhase section */

/* Begin PBXShellScriptBuildPhase section */
		A4AE660028212BC2003C7D1D /* ShellScript */ = {
			isa = PBXShellScriptBuildPhase;
			alwaysOutOfDate = 1;
			buildActionMask = 2147483647;
			files = (
			);
			inputFileListPaths = (
			);
			inputPaths = (
				"",
			);
			outputFileListPaths = (
			);
			outputPaths = (
				$SRCROOT/R.generated.swift,
			);
			runOnlyForDeploymentPostprocessing = 0;
			shellPath = /bin/sh;
			shellScript = "# Type a script or drag a script file from your workspace to insert its path.\n\"$PODS_ROOT/R.swift/rswift\" generate \"$SRCROOT/R.generated.swift\"\n";
		};
		B26E3CAB99A7C981CAEBF16F /* [CP] Embed Pods Frameworks */ = {
			isa = PBXShellScriptBuildPhase;
			buildActionMask = 2147483647;
			files = (
			);
			inputFileListPaths = (
				"${PODS_ROOT}/Target Support Files/Pods-VerooDeliveryApp/Pods-VerooDeliveryApp-frameworks-${CONFIGURATION}-input-files.xcfilelist",
			);
			name = "[CP] Embed Pods Frameworks";
			outputFileListPaths = (
				"${PODS_ROOT}/Target Support Files/Pods-VerooDeliveryApp/Pods-VerooDeliveryApp-frameworks-${CONFIGURATION}-output-files.xcfilelist",
			);
			runOnlyForDeploymentPostprocessing = 0;
			shellPath = /bin/sh;
			shellScript = "\"${PODS_ROOT}/Target Support Files/Pods-VerooDeliveryApp/Pods-VerooDeliveryApp-frameworks.sh\"\n";
			showEnvVarsInLog = 0;
		};
		E179EFD6A8680220F2D835B6 /* [CP] Check Pods Manifest.lock */ = {
			isa = PBXShellScriptBuildPhase;
			buildActionMask = 2147483647;
			files = (
			);
			inputFileListPaths = (
			);
			inputPaths = (
				"${PODS_PODFILE_DIR_PATH}/Podfile.lock",
				"${PODS_ROOT}/Manifest.lock",
			);
			name = "[CP] Check Pods Manifest.lock";
			outputFileListPaths = (
			);
			outputPaths = (
				"$(DERIVED_FILE_DIR)/Pods-VerooDeliveryApp-checkManifestLockResult.txt",
			);
			runOnlyForDeploymentPostprocessing = 0;
			shellPath = /bin/sh;
			shellScript = "diff \"${PODS_PODFILE_DIR_PATH}/Podfile.lock\" \"${PODS_ROOT}/Manifest.lock\" > /dev/null\nif [ $? != 0 ] ; then\n    # print error to STDERR\n    echo \"error: The sandbox is not in sync with the Podfile.lock. Run 'pod install' or update your CocoaPods installation.\" >&2\n    exit 1\nfi\n# This output is used by Xcode 'outputs' to avoid re-running this script phase.\necho \"SUCCESS\" > \"${SCRIPT_OUTPUT_FILE_0}\"\n";
			showEnvVarsInLog = 0;
		};
/* End PBXShellScriptBuildPhase section */

/* Begin PBXSourcesBuildPhase section */
		A4AB1148281D04D50005A122 /* Sources */ = {
			isa = PBXSourcesBuildPhase;
			buildActionMask = 2147483647;
			files = (
				A4FEAD902820002B00D17E4A /* LabelBaseClass.swift in Sources */,
				A4C7F9DE282290C900779F1B /* R.generated.swift in Sources */,
				A4FEAD9B282010EA00D17E4A /* Color.swift in Sources */,
				A4AB116B281D3C8B0005A122 /* CustomView.swift in Sources */,
				A47C556928214E47009508BE /* SignInVC.swift in Sources */,
				A4AB1154281D04D50005A122 /* ViewController.swift in Sources */,
				A4FEAD8E281FF53A00D17E4A /* CustomPasswordTextField.swift in Sources */,
				A4AB1169281D2AE30005A122 /* CustomTextField.swift in Sources */,
				A4AB1150281D04D50005A122 /* AppDelegate.swift in Sources */,
				A4FEAD9E2820183B00D17E4A /* CustomButtons.swift in Sources */,
				A4AB1152281D04D50005A122 /* SceneDelegate.swift in Sources */,
				A47C556B28214E7D009508BE /* SignUpVC.swift in Sources */,
				A4C7F9DA282258B900779F1B /* Extensions.swift in Sources */,
			);
			runOnlyForDeploymentPostprocessing = 0;
		};
/* End PBXSourcesBuildPhase section */

/* Begin PBXVariantGroup section */
		A4AB1155281D04D50005A122 /* Main.storyboard */ = {
			isa = PBXVariantGroup;
			children = (
				A4AB1156281D04D50005A122 /* Base */,
			);
			name = Main.storyboard;
			sourceTree = "<group>";
		};
		A4AB115A281D04D70005A122 /* LaunchScreen.storyboard */ = {
			isa = PBXVariantGroup;
			children = (
				A4AB115B281D04D70005A122 /* Base */,
			);
			name = LaunchScreen.storyboard;
			sourceTree = "<group>";
		};
/* End PBXVariantGroup section */

/* Begin XCBuildConfiguration section */
		A4AB115E281D04D70005A122 /* Debug */ = {
			isa = XCBuildConfiguration;
			buildSettings = {
				ALWAYS_SEARCH_USER_PATHS = NO;
				CLANG_ANALYZER_NONNULL = YES;
				CLANG_ANALYZER_NUMBER_OBJECT_CONVERSION = YES_AGGRESSIVE;
				CLANG_CXX_LANGUAGE_STANDARD = "gnu++17";
				CLANG_CXX_LIBRARY = "libc++";
				CLANG_ENABLE_MODULES = YES;
				CLANG_ENABLE_OBJC_ARC = YES;
				CLANG_ENABLE_OBJC_WEAK = YES;
				CLANG_WARN_BLOCK_CAPTURE_AUTORELEASING = YES;
				CLANG_WARN_BOOL_CONVERSION = YES;
				CLANG_WARN_COMMA = YES;
				CLANG_WARN_CONSTANT_CONVERSION = YES;
				CLANG_WARN_DEPRECATED_OBJC_IMPLEMENTATIONS = YES;
				CLANG_WARN_DIRECT_OBJC_ISA_USAGE = YES_ERROR;
				CLANG_WARN_DOCUMENTATION_COMMENTS = YES;
				CLANG_WARN_EMPTY_BODY = YES;
				CLANG_WARN_ENUM_CONVERSION = YES;
				CLANG_WARN_INFINITE_RECURSION = YES;
				CLANG_WARN_INT_CONVERSION = YES;
				CLANG_WARN_NON_LITERAL_NULL_CONVERSION = YES;
				CLANG_WARN_OBJC_IMPLICIT_RETAIN_SELF = YES;
				CLANG_WARN_OBJC_LITERAL_CONVERSION = YES;
				CLANG_WARN_OBJC_ROOT_CLASS = YES_ERROR;
				CLANG_WARN_QUOTED_INCLUDE_IN_FRAMEWORK_HEADER = YES;
				CLANG_WARN_RANGE_LOOP_ANALYSIS = YES;
				CLANG_WARN_STRICT_PROTOTYPES = YES;
				CLANG_WARN_SUSPICIOUS_MOVE = YES;
				CLANG_WARN_UNGUARDED_AVAILABILITY = YES_AGGRESSIVE;
				CLANG_WARN_UNREACHABLE_CODE = YES;
				CLANG_WARN__DUPLICATE_METHOD_MATCH = YES;
				COPY_PHASE_STRIP = NO;
				DEBUG_INFORMATION_FORMAT = dwarf;
				ENABLE_STRICT_OBJC_MSGSEND = YES;
				ENABLE_TESTABILITY = YES;
				GCC_C_LANGUAGE_STANDARD = gnu11;
				GCC_DYNAMIC_NO_PIC = NO;
				GCC_NO_COMMON_BLOCKS = YES;
				GCC_OPTIMIZATION_LEVEL = 0;
				GCC_PREPROCESSOR_DEFINITIONS = (
					"DEBUG=1",
					"$(inherited)",
				);
				GCC_WARN_64_TO_32_BIT_CONVERSION = YES;
				GCC_WARN_ABOUT_RETURN_TYPE = YES_ERROR;
				GCC_WARN_UNDECLARED_SELECTOR = YES;
				GCC_WARN_UNINITIALIZED_AUTOS = YES_AGGRESSIVE;
				GCC_WARN_UNUSED_FUNCTION = YES;
				GCC_WARN_UNUSED_VARIABLE = YES;
				IPHONEOS_DEPLOYMENT_TARGET = 15.0;
				MTL_ENABLE_DEBUG_INFO = INCLUDE_SOURCE;
				MTL_FAST_MATH = YES;
				ONLY_ACTIVE_ARCH = YES;
				SDKROOT = iphoneos;
				SWIFT_ACTIVE_COMPILATION_CONDITIONS = DEBUG;
				SWIFT_OPTIMIZATION_LEVEL = "-Onone";
			};
			name = Debug;
		};
		A4AB115F281D04D70005A122 /* Release */ = {
			isa = XCBuildConfiguration;
			buildSettings = {
				ALWAYS_SEARCH_USER_PATHS = NO;
				CLANG_ANALYZER_NONNULL = YES;
				CLANG_ANALYZER_NUMBER_OBJECT_CONVERSION = YES_AGGRESSIVE;
				CLANG_CXX_LANGUAGE_STANDARD = "gnu++17";
				CLANG_CXX_LIBRARY = "libc++";
				CLANG_ENABLE_MODULES = YES;
				CLANG_ENABLE_OBJC_ARC = YES;
				CLANG_ENABLE_OBJC_WEAK = YES;
				CLANG_WARN_BLOCK_CAPTURE_AUTORELEASING = YES;
				CLANG_WARN_BOOL_CONVERSION = YES;
				CLANG_WARN_COMMA = YES;
				CLANG_WARN_CONSTANT_CONVERSION = YES;
				CLANG_WARN_DEPRECATED_OBJC_IMPLEMENTATIONS = YES;
				CLANG_WARN_DIRECT_OBJC_ISA_USAGE = YES_ERROR;
				CLANG_WARN_DOCUMENTATION_COMMENTS = YES;
				CLANG_WARN_EMPTY_BODY = YES;
				CLANG_WARN_ENUM_CONVERSION = YES;
				CLANG_WARN_INFINITE_RECURSION = YES;
				CLANG_WARN_INT_CONVERSION = YES;
				CLANG_WARN_NON_LITERAL_NULL_CONVERSION = YES;
				CLANG_WARN_OBJC_IMPLICIT_RETAIN_SELF = YES;
				CLANG_WARN_OBJC_LITERAL_CONVERSION = YES;
				CLANG_WARN_OBJC_ROOT_CLASS = YES_ERROR;
				CLANG_WARN_QUOTED_INCLUDE_IN_FRAMEWORK_HEADER = YES;
				CLANG_WARN_RANGE_LOOP_ANALYSIS = YES;
				CLANG_WARN_STRICT_PROTOTYPES = YES;
				CLANG_WARN_SUSPICIOUS_MOVE = YES;
				CLANG_WARN_UNGUARDED_AVAILABILITY = YES_AGGRESSIVE;
				CLANG_WARN_UNREACHABLE_CODE = YES;
				CLANG_WARN__DUPLICATE_METHOD_MATCH = YES;
				COPY_PHASE_STRIP = NO;
				DEBUG_INFORMATION_FORMAT = "dwarf-with-dsym";
				ENABLE_NS_ASSERTIONS = NO;
				ENABLE_STRICT_OBJC_MSGSEND = YES;
				GCC_C_LANGUAGE_STANDARD = gnu11;
				GCC_NO_COMMON_BLOCKS = YES;
				GCC_WARN_64_TO_32_BIT_CONVERSION = YES;
				GCC_WARN_ABOUT_RETURN_TYPE = YES_ERROR;
				GCC_WARN_UNDECLARED_SELECTOR = YES;
				GCC_WARN_UNINITIALIZED_AUTOS = YES_AGGRESSIVE;
				GCC_WARN_UNUSED_FUNCTION = YES;
				GCC_WARN_UNUSED_VARIABLE = YES;
				IPHONEOS_DEPLOYMENT_TARGET = 15.0;
				MTL_ENABLE_DEBUG_INFO = NO;
				MTL_FAST_MATH = YES;
				SDKROOT = iphoneos;
				SWIFT_COMPILATION_MODE = wholemodule;
				SWIFT_OPTIMIZATION_LEVEL = "-O";
				VALIDATE_PRODUCT = YES;
			};
			name = Release;
		};
		A4AB1161281D04D70005A122 /* Debug */ = {
			isa = XCBuildConfiguration;
			baseConfigurationReference = 50220A644B6292D1DD2AEDA4 /* Pods-VerooDeliveryApp.debug.xcconfig */;
			buildSettings = {
				ASSETCATALOG_COMPILER_APPICON_NAME = AppIcon;
				ASSETCATALOG_COMPILER_GLOBAL_ACCENT_COLOR_NAME = AccentColor;
				CODE_SIGN_STYLE = Automatic;
				CURRENT_PROJECT_VERSION = 1;
				GENERATE_INFOPLIST_FILE = YES;
				INFOPLIST_FILE = VerooDeliveryApp/Info.plist;
				INFOPLIST_KEY_UIApplicationSupportsIndirectInputEvents = YES;
				INFOPLIST_KEY_UILaunchStoryboardName = LaunchScreen;
				INFOPLIST_KEY_UIMainStoryboardFile = Main;
				INFOPLIST_KEY_UISupportedInterfaceOrientations_iPad = "UIInterfaceOrientationPortrait UIInterfaceOrientationPortraitUpsideDown UIInterfaceOrientationLandscapeLeft UIInterfaceOrientationLandscapeRight";
				INFOPLIST_KEY_UISupportedInterfaceOrientations_iPhone = "UIInterfaceOrientationPortrait UIInterfaceOrientationLandscapeLeft UIInterfaceOrientationLandscapeRight";
				LD_RUNPATH_SEARCH_PATHS = (
					"$(inherited)",
					"@executable_path/Frameworks",
				);
				MARKETING_VERSION = 1.0;
				PRODUCT_BUNDLE_IDENTIFIER = com.aparna.VerooDeliveryApp;
				PRODUCT_NAME = "$(TARGET_NAME)";
				SWIFT_EMIT_LOC_STRINGS = YES;
				SWIFT_VERSION = 5.0;
				TARGETED_DEVICE_FAMILY = "1,2";
			};
			name = Debug;
		};
		A4AB1162281D04D70005A122 /* Release */ = {
			isa = XCBuildConfiguration;
			baseConfigurationReference = A57829C70D180D47AE0C3579 /* Pods-VerooDeliveryApp.release.xcconfig */;
			buildSettings = {
				ASSETCATALOG_COMPILER_APPICON_NAME = AppIcon;
				ASSETCATALOG_COMPILER_GLOBAL_ACCENT_COLOR_NAME = AccentColor;
				CODE_SIGN_STYLE = Automatic;
				CURRENT_PROJECT_VERSION = 1;
				GENERATE_INFOPLIST_FILE = YES;
				INFOPLIST_FILE = VerooDeliveryApp/Info.plist;
				INFOPLIST_KEY_UIApplicationSupportsIndirectInputEvents = YES;
				INFOPLIST_KEY_UILaunchStoryboardName = LaunchScreen;
				INFOPLIST_KEY_UIMainStoryboardFile = Main;
				INFOPLIST_KEY_UISupportedInterfaceOrientations_iPad = "UIInterfaceOrientationPortrait UIInterfaceOrientationPortraitUpsideDown UIInterfaceOrientationLandscapeLeft UIInterfaceOrientationLandscapeRight";
				INFOPLIST_KEY_UISupportedInterfaceOrientations_iPhone = "UIInterfaceOrientationPortrait UIInterfaceOrientationLandscapeLeft UIInterfaceOrientationLandscapeRight";
				LD_RUNPATH_SEARCH_PATHS = (
					"$(inherited)",
					"@executable_path/Frameworks",
				);
				MARKETING_VERSION = 1.0;
				PRODUCT_BUNDLE_IDENTIFIER = com.aparna.VerooDeliveryApp;
				PRODUCT_NAME = "$(TARGET_NAME)";
				SWIFT_EMIT_LOC_STRINGS = YES;
				SWIFT_VERSION = 5.0;
				TARGETED_DEVICE_FAMILY = "1,2";
			};
			name = Release;
		};
/* End XCBuildConfiguration section */

/* Begin XCConfigurationList section */
		A4AB1147281D04D50005A122 /* Build configuration list for PBXProject "VerooDeliveryApp" */ = {
			isa = XCConfigurationList;
			buildConfigurations = (
				A4AB115E281D04D70005A122 /* Debug */,
				A4AB115F281D04D70005A122 /* Release */,
			);
			defaultConfigurationIsVisible = 0;
			defaultConfigurationName = Release;
		};
		A4AB1160281D04D70005A122 /* Build configuration list for PBXNativeTarget "VerooDeliveryApp" */ = {
			isa = XCConfigurationList;
			buildConfigurations = (
				A4AB1161281D04D70005A122 /* Debug */,
				A4AB1162281D04D70005A122 /* Release */,
			);
			defaultConfigurationIsVisible = 0;
			defaultConfigurationName = Release;
		};
/* End XCConfigurationList section */
	};
	rootObject = A4AB1144281D04D50005A122 /* Project object */;
}
